// !$*UTF8*$!
{
	archiveVersion = 1;
	classes = {
	};
	objectVersion = 47;
	objects = {

/* Begin PBXBuildFile section */
		1DDD58160DA1D0A300B32029 /* MainMenu.xib in Resources */ = {isa = PBXBuildFile; fileRef = 1DDD58140DA1D0A300B32029 /* MainMenu.xib */; };
		2C03E34F16CA2E0F00C7608A /* CRCHTTPHeaderCell.m in Sources */ = {isa = PBXBuildFile; fileRef = 2C03E34E16CA2E0F00C7608A /* CRCHTTPHeaderCell.m */; };
		2C954AFA16B9799D00C8D54B /* NSData+gzip.m in Sources */ = {isa = PBXBuildFile; fileRef = 2C954AF916B9799D00C8D54B /* NSData+gzip.m */; };
		2C954AFD16B97A3200C8D54B /* libz.dylib in Frameworks */ = {isa = PBXBuildFile; fileRef = 2C954AFC16B97A3200C8D54B /* libz.dylib */; };
		5704EED0155C7BF400C55656 /* WebKit.framework in Frameworks */ = {isa = PBXBuildFile; fileRef = 5704EECF155C7BF400C55656 /* WebKit.framework */; };
		8D11072B0486CEB800E47090 /* InfoPlist.strings in Resources */ = {isa = PBXBuildFile; fileRef = 089C165CFE840E0CC02AAC07 /* InfoPlist.strings */; };
		8D11072D0486CEB800E47090 /* main.m in Sources */ = {isa = PBXBuildFile; fileRef = 29B97316FDCFA39411CA2CEA /* main.m */; settings = {ATTRIBUTES = (); }; };
		8D11072F0486CEB800E47090 /* Cocoa.framework in Frameworks */ = {isa = PBXBuildFile; fileRef = 1058C7A1FEA54F0111CA2CBB /* Cocoa.framework */; };
		90655CEF553E08EB04167E1F /* libPods.a in Frameworks */ = {isa = PBXBuildFile; fileRef = 14C15A15CB9C1B4386B81228 /* libPods.a */; };
		985608C11C8FF3E700A3EB6E /* defaults.plist in Resources */ = {isa = PBXBuildFile; fileRef = 985608C01C8FF3E700A3EB6E /* defaults.plist */; };
		985608C71C90031300A3EB6E /* CRCConstants.m in Sources */ = {isa = PBXBuildFile; fileRef = 985608C61C90031300A3EB6E /* CRCConstants.m */; };
		AF0A96BE1CC86E1A001870FC /* DMSlidingTabItemView.m in Sources */ = {isa = PBXBuildFile; fileRef = AF0A96B81CC86D57001870FC /* DMSlidingTabItemView.m */; };
		AF0A96C01CC86E1A001870FC /* DMSlidingTabView.m in Sources */ = {isa = PBXBuildFile; fileRef = AF0A96BA1CC86D57001870FC /* DMSlidingTabView.m */; };
		AF1FC48410F435BD00ED5A57 /* CheckableRequestWrapper.m in Sources */ = {isa = PBXBuildFile; fileRef = 256AC3D90F4B6AC300CF3369 /* CheckableRequestWrapper.m */; };
		AF7A149B113B583A00F0D6F5 /* cocoaRestClient.icns in Resources */ = {isa = PBXBuildFile; fileRef = AF7A149A113B583A00F0D6F5 /* cocoaRestClient.icns */; };
		AF7CE5C71766CBC10080363B /* TableRowAndColumn.m in Sources */ = {isa = PBXBuildFile; fileRef = AF7CE5C61766CBC10080363B /* TableRowAndColumn.m */; };
		AF89587615608E9D0079B379 /* QuartzCore.framework in Frameworks */ = {isa = PBXBuildFile; fileRef = AF895874156088610079B379 /* QuartzCore.framework */; };
		AF90070516AC43A80012C758 /* CocoaRestClientAppDelegate.m in Sources */ = {isa = PBXBuildFile; fileRef = AF90070416AC43A80012C758 /* CocoaRestClientAppDelegate.m */; };
		AFA11AB515CEDA3600831738 /* Welcome.xib in Resources */ = {isa = PBXBuildFile; fileRef = AFA11AB315CEDA3600831738 /* Welcome.xib */; };
		AFA11AB815CEDAE300831738 /* WelcomeController.m in Sources */ = {isa = PBXBuildFile; fileRef = AFA11AB715CEDAE300831738 /* WelcomeController.m */; };
		AFA11ACD15CF036300831738 /* motd.txt in Resources */ = {isa = PBXBuildFile; fileRef = AFA11ACC15CF036300831738 /* motd.txt */; };
		AFAA04FC1CFB6F19005A50ED /* ContentTypes.m in Sources */ = {isa = PBXBuildFile; fileRef = AFAA04FB1CFB6F19005A50ED /* ContentTypes.m */; };
		AFB3AA3D1A87E43400012E04 /* HighlightingTypeManager.m in Sources */ = {isa = PBXBuildFile; fileRef = AFB3AA3C1A87E43400012E04 /* HighlightingTypeManager.m */; };
		AFB3AA3F1A94051700012E04 /* Images.xcassets in Resources */ = {isa = PBXBuildFile; fileRef = AFB3AA3E1A94051700012E04 /* Images.xcassets */; };
		AFBB7D4714F9587A00424C12 /* TabbingTableView.m in Sources */ = {isa = PBXBuildFile; fileRef = AFBB7D4614F9587A00424C12 /* TabbingTableView.m */; };
		AFBB7D4B14F98B4000424C12 /* Preferences.xib in Resources */ = {isa = PBXBuildFile; fileRef = AFBB7D4914F98B4000424C12 /* Preferences.xib */; };
		AFBB7D4E14F98C1B00424C12 /* PreferencesController.m in Sources */ = {isa = PBXBuildFile; fileRef = AFBB7D4D14F98C1B00424C12 /* PreferencesController.m */; };
		AFBBA03E18D4AB93002E7036 /* CRCSavedRequestFolder.m in Sources */ = {isa = PBXBuildFile; fileRef = AFBBA03D18D4AB93002E7036 /* CRCSavedRequestFolder.m */; };
		AFBF08BD14C1E9BB000E7411 /* ExportRequests.xib in Resources */ = {isa = PBXBuildFile; fileRef = AFBF08BC14C1E9BB000E7411 /* ExportRequests.xib */; };
		AFBF08C514C32D30000E7411 /* ExportRequestsController.m in Sources */ = {isa = PBXBuildFile; fileRef = AFBF08C414C32D30000E7411 /* ExportRequestsController.m */; };
		AFBF08E214C4D7EE000E7411 /* CRCDrawerView.m in Sources */ = {isa = PBXBuildFile; fileRef = AFBF08E114C4D7EE000E7411 /* CRCDrawerView.m */; };
		AFCE79571419B54600E22468 /* dsa_pub.pem in Resources */ = {isa = PBXBuildFile; fileRef = AFCE79561419B54600E22468 /* dsa_pub.pem */; };
		AFE1837712E394E5001B1B29 /* LICENSE.txt in Resources */ = {isa = PBXBuildFile; fileRef = AFE1837612E394E5001B1B29 /* LICENSE.txt */; };
		AFF3B97B1E15A0DC00AA664C /* FastSearchSavedRequestsController.m in Sources */ = {isa = PBXBuildFile; fileRef = AFF3B97A1E15A0DC00AA664C /* FastSearchSavedRequestsController.m */; };
		AFF3B97E1E15A24600AA664C /* FastSearchSavedRequests.xib in Resources */ = {isa = PBXBuildFile; fileRef = AFF3B97C1E15A24600AA664C /* FastSearchSavedRequests.xib */; };
		D714A01D11E8BF7700F5A80B /* CRCFormEncodedRequest.m in Sources */ = {isa = PBXBuildFile; fileRef = D714A01C11E8BF7700F5A80B /* CRCFormEncodedRequest.m */; };
		D714A02011E8C0F400F5A80B /* CRCRawRequest.m in Sources */ = {isa = PBXBuildFile; fileRef = D714A01F11E8C0F400F5A80B /* CRCRawRequest.m */; };
		D714A03111E8F61D00F5A80B /* CRCFileRequest.m in Sources */ = {isa = PBXBuildFile; fileRef = D714A03011E8F61D00F5A80B /* CRCFileRequest.m */; };
		D714A0A211E901FB00F5A80B /* CRCRequest.m in Sources */ = {isa = PBXBuildFile; fileRef = D714A0A111E901FB00F5A80B /* CRCRequest.m */; };
		D7AC588711E60DDA00D67635 /* CRCMultipartRequest.m in Sources */ = {isa = PBXBuildFile; fileRef = D7AC588611E60DDA00D67635 /* CRCMultipartRequest.m */; };
		D7D998B411EAA29B005B8811 /* CRCTopView.m in Sources */ = {isa = PBXBuildFile; fileRef = D7D998B311EAA29B005B8811 /* CRCTopView.m */; };
		F84CC2410A93E76AA17BDE2D /* libPods-CocoaRestClient.a in Frameworks */ = {isa = PBXBuildFile; fileRef = 8CCF7DF709BFF6221813746B /* libPods-CocoaRestClient.a */; };
/* End PBXBuildFile section */

/* Begin PBXCopyFilesBuildPhase section */
		AFCE79541419B49700E22468 /* CopyFiles */ = {
			isa = PBXCopyFilesBuildPhase;
			buildActionMask = 2147483647;
			dstPath = "";
			dstSubfolderSpec = 10;
			files = (
			);
			runOnlyForDeploymentPostprocessing = 0;
		};
/* End PBXCopyFilesBuildPhase section */

/* Begin PBXFileReference section */
		089C165DFE840E0CC02AAC07 /* English */ = {isa = PBXFileReference; fileEncoding = 4; lastKnownFileType = text.plist.strings; name = English; path = English.lproj/InfoPlist.strings; sourceTree = "<group>"; };
		1058C7A1FEA54F0111CA2CBB /* Cocoa.framework */ = {isa = PBXFileReference; lastKnownFileType = wrapper.framework; name = Cocoa.framework; path = /System/Library/Frameworks/Cocoa.framework; sourceTree = "<absolute>"; };
		13E42FB307B3F0F600E4EEF1 /* CoreData.framework */ = {isa = PBXFileReference; lastKnownFileType = wrapper.framework; name = CoreData.framework; path = /System/Library/Frameworks/CoreData.framework; sourceTree = "<absolute>"; };
		14C15A15CB9C1B4386B81228 /* libPods.a */ = {isa = PBXFileReference; explicitFileType = archive.ar; includeInIndex = 0; path = libPods.a; sourceTree = BUILT_PRODUCTS_DIR; };
		1DDD58150DA1D0A300B32029 /* English */ = {isa = PBXFileReference; lastKnownFileType = file.xib; name = English; path = English.lproj/MainMenu.xib; sourceTree = "<group>"; };
		256AC3D80F4B6AC300CF3369 /* CheckableRequestWrapper.h */ = {isa = PBXFileReference; fileEncoding = 4; lastKnownFileType = sourcecode.c.h; name = CheckableRequestWrapper.h; path = core/CheckableRequestWrapper.h; sourceTree = "<group>"; };
		256AC3D90F4B6AC300CF3369 /* CheckableRequestWrapper.m */ = {isa = PBXFileReference; fileEncoding = 4; lastKnownFileType = sourcecode.c.objc; name = CheckableRequestWrapper.m; path = core/CheckableRequestWrapper.m; sourceTree = "<group>"; };
		256AC3F00F4B6AF500CF3369 /* CocoaRestClient_Prefix.pch */ = {isa = PBXFileReference; fileEncoding = 4; lastKnownFileType = sourcecode.c.h; name = CocoaRestClient_Prefix.pch; path = core/CocoaRestClient_Prefix.pch; sourceTree = "<group>"; };
		29B97316FDCFA39411CA2CEA /* main.m */ = {isa = PBXFileReference; fileEncoding = 4; lastKnownFileType = sourcecode.c.objc; name = main.m; path = core/main.m; sourceTree = "<group>"; };
		29B97324FDCFA39411CA2CEA /* AppKit.framework */ = {isa = PBXFileReference; lastKnownFileType = wrapper.framework; name = AppKit.framework; path = /System/Library/Frameworks/AppKit.framework; sourceTree = "<absolute>"; };
		29B97325FDCFA39411CA2CEA /* Foundation.framework */ = {isa = PBXFileReference; lastKnownFileType = wrapper.framework; name = Foundation.framework; path = /System/Library/Frameworks/Foundation.framework; sourceTree = "<absolute>"; };
		2C03E34D16CA2E0F00C7608A /* CRCHTTPHeaderCell.h */ = {isa = PBXFileReference; fileEncoding = 4; lastKnownFileType = sourcecode.c.h; name = CRCHTTPHeaderCell.h; path = view/CRCHTTPHeaderCell.h; sourceTree = "<group>"; };
		2C03E34E16CA2E0F00C7608A /* CRCHTTPHeaderCell.m */ = {isa = PBXFileReference; fileEncoding = 4; lastKnownFileType = sourcecode.c.objc; name = CRCHTTPHeaderCell.m; path = view/CRCHTTPHeaderCell.m; sourceTree = "<group>"; };
		2C954AF816B9799D00C8D54B /* NSData+gzip.h */ = {isa = PBXFileReference; fileEncoding = 4; lastKnownFileType = sourcecode.c.h; name = "NSData+gzip.h"; path = "request/NSData+gzip.h"; sourceTree = "<group>"; };
		2C954AF916B9799D00C8D54B /* NSData+gzip.m */ = {isa = PBXFileReference; fileEncoding = 4; lastKnownFileType = sourcecode.c.objc; name = "NSData+gzip.m"; path = "request/NSData+gzip.m"; sourceTree = "<group>"; };
		2C954AFC16B97A3200C8D54B /* libz.dylib */ = {isa = PBXFileReference; lastKnownFileType = "compiled.mach-o.dylib"; name = libz.dylib; path = Platforms/MacOSX.platform/Developer/SDKs/MacOSX10.8.sdk/usr/lib/libz.dylib; sourceTree = DEVELOPER_DIR; };
		5704EECF155C7BF400C55656 /* WebKit.framework */ = {isa = PBXFileReference; lastKnownFileType = wrapper.framework; name = WebKit.framework; path = System/Library/Frameworks/WebKit.framework; sourceTree = SDKROOT; };
		8CCF7DF709BFF6221813746B /* libPods-CocoaRestClient.a */ = {isa = PBXFileReference; explicitFileType = archive.ar; includeInIndex = 0; path = "libPods-CocoaRestClient.a"; sourceTree = BUILT_PRODUCTS_DIR; };
		8D1107310486CEB800E47090 /* CocoaRestClient-Info.plist */ = {isa = PBXFileReference; fileEncoding = 4; lastKnownFileType = text.plist.xml; path = "CocoaRestClient-Info.plist"; sourceTree = "<group>"; };
		8D1107320486CEB800E47090 /* CocoaRestClient.app */ = {isa = PBXFileReference; explicitFileType = wrapper.application; includeInIndex = 0; path = CocoaRestClient.app; sourceTree = BUILT_PRODUCTS_DIR; };
		985608C01C8FF3E700A3EB6E /* defaults.plist */ = {isa = PBXFileReference; fileEncoding = 4; lastKnownFileType = text.plist.xml; path = defaults.plist; sourceTree = "<group>"; };
		985608C51C90031300A3EB6E /* CRCConstants.h */ = {isa = PBXFileReference; fileEncoding = 4; lastKnownFileType = sourcecode.c.h; path = CRCConstants.h; sourceTree = "<group>"; };
		985608C61C90031300A3EB6E /* CRCConstants.m */ = {isa = PBXFileReference; fileEncoding = 4; lastKnownFileType = sourcecode.c.objc; path = CRCConstants.m; sourceTree = "<group>"; };
		AF0A96B61CC86D38001870FC /* DMSlidingTabViewItemProtocol.h */ = {isa = PBXFileReference; fileEncoding = 4; lastKnownFileType = sourcecode.c.h; name = DMSlidingTabViewItemProtocol.h; path = view/DMSlidingTabViewItemProtocol.h; sourceTree = "<group>"; };
		AF0A96B71CC86D57001870FC /* DMSlidingTabItemView.h */ = {isa = PBXFileReference; fileEncoding = 4; lastKnownFileType = sourcecode.c.h; name = DMSlidingTabItemView.h; path = view/DMSlidingTabItemView.h; sourceTree = "<group>"; };
		AF0A96B81CC86D57001870FC /* DMSlidingTabItemView.m */ = {isa = PBXFileReference; fileEncoding = 4; lastKnownFileType = sourcecode.c.objc; name = DMSlidingTabItemView.m; path = view/DMSlidingTabItemView.m; sourceTree = "<group>"; };
		AF0A96B91CC86D57001870FC /* DMSlidingTabView.h */ = {isa = PBXFileReference; fileEncoding = 4; lastKnownFileType = sourcecode.c.h; name = DMSlidingTabView.h; path = view/DMSlidingTabView.h; sourceTree = "<group>"; };
		AF0A96BA1CC86D57001870FC /* DMSlidingTabView.m */ = {isa = PBXFileReference; fileEncoding = 4; lastKnownFileType = sourcecode.c.objc; name = DMSlidingTabView.m; path = view/DMSlidingTabView.m; sourceTree = "<group>"; };
		AF7A149A113B583A00F0D6F5 /* cocoaRestClient.icns */ = {isa = PBXFileReference; lastKnownFileType = image.icns; name = cocoaRestClient.icns; path = English.lproj/cocoaRestClient.icns; sourceTree = "<group>"; };
		AF7CE5C51766CBC10080363B /* TableRowAndColumn.h */ = {isa = PBXFileReference; fileEncoding = 4; lastKnownFileType = sourcecode.c.h; name = TableRowAndColumn.h; path = view/TableRowAndColumn.h; sourceTree = "<group>"; };
		AF7CE5C61766CBC10080363B /* TableRowAndColumn.m */ = {isa = PBXFileReference; fileEncoding = 4; lastKnownFileType = sourcecode.c.objc; name = TableRowAndColumn.m; path = view/TableRowAndColumn.m; sourceTree = "<group>"; };
		AF895874156088610079B379 /* QuartzCore.framework */ = {isa = PBXFileReference; lastKnownFileType = wrapper.framework; name = QuartzCore.framework; path = System/Library/Frameworks/QuartzCore.framework; sourceTree = SDKROOT; };
		AF90070316AC43A80012C758 /* CocoaRestClientAppDelegate.h */ = {isa = PBXFileReference; fileEncoding = 4; lastKnownFileType = sourcecode.c.h; name = CocoaRestClientAppDelegate.h; path = core/CocoaRestClientAppDelegate.h; sourceTree = "<group>"; };
		AF90070416AC43A80012C758 /* CocoaRestClientAppDelegate.m */ = {isa = PBXFileReference; fileEncoding = 4; lastKnownFileType = sourcecode.c.objc; name = CocoaRestClientAppDelegate.m; path = core/CocoaRestClientAppDelegate.m; sourceTree = "<group>"; };
		AFA11AB415CEDA3600831738 /* English */ = {isa = PBXFileReference; lastKnownFileType = file.xib; name = English; path = English.lproj/Welcome.xib; sourceTree = "<group>"; };
		AFA11AB615CEDAE300831738 /* WelcomeController.h */ = {isa = PBXFileReference; fileEncoding = 4; lastKnownFileType = sourcecode.c.h; name = WelcomeController.h; path = core/WelcomeController.h; sourceTree = "<group>"; };
		AFA11AB715CEDAE300831738 /* WelcomeController.m */ = {isa = PBXFileReference; fileEncoding = 4; lastKnownFileType = sourcecode.c.objc; name = WelcomeController.m; path = core/WelcomeController.m; sourceTree = "<group>"; };
		AFA11ACC15CF036300831738 /* motd.txt */ = {isa = PBXFileReference; fileEncoding = 4; lastKnownFileType = text; name = motd.txt; path = English.lproj/motd.txt; sourceTree = "<group>"; };
		AFAA04FA1CFB6F19005A50ED /* ContentTypes.h */ = {isa = PBXFileReference; fileEncoding = 4; lastKnownFileType = sourcecode.c.h; name = ContentTypes.h; path = core/ContentTypes.h; sourceTree = "<group>"; };
		AFAA04FB1CFB6F19005A50ED /* ContentTypes.m */ = {isa = PBXFileReference; fileEncoding = 4; lastKnownFileType = sourcecode.c.objc; name = ContentTypes.m; path = core/ContentTypes.m; sourceTree = "<group>"; };
		AFB3AA3B1A87E43400012E04 /* HighlightingTypeManager.h */ = {isa = PBXFileReference; fileEncoding = 4; lastKnownFileType = sourcecode.c.h; name = HighlightingTypeManager.h; path = view/HighlightingTypeManager.h; sourceTree = "<group>"; };
		AFB3AA3C1A87E43400012E04 /* HighlightingTypeManager.m */ = {isa = PBXFileReference; fileEncoding = 4; lastKnownFileType = sourcecode.c.objc; name = HighlightingTypeManager.m; path = view/HighlightingTypeManager.m; sourceTree = "<group>"; };
		AFB3AA3E1A94051700012E04 /* Images.xcassets */ = {isa = PBXFileReference; lastKnownFileType = folder.assetcatalog; name = Images.xcassets; path = CocoaRestClient/Images.xcassets; sourceTree = "<group>"; };
		AFBB7D4514F9587A00424C12 /* TabbingTableView.h */ = {isa = PBXFileReference; fileEncoding = 4; lastKnownFileType = sourcecode.c.h; name = TabbingTableView.h; path = view/TabbingTableView.h; sourceTree = "<group>"; };
		AFBB7D4614F9587A00424C12 /* TabbingTableView.m */ = {isa = PBXFileReference; fileEncoding = 4; lastKnownFileType = sourcecode.c.objc; name = TabbingTableView.m; path = view/TabbingTableView.m; sourceTree = "<group>"; };
		AFBB7D4A14F98B4000424C12 /* English */ = {isa = PBXFileReference; lastKnownFileType = file.xib; name = English; path = English.lproj/Preferences.xib; sourceTree = "<group>"; };
		AFBB7D4C14F98C1B00424C12 /* PreferencesController.h */ = {isa = PBXFileReference; fileEncoding = 4; lastKnownFileType = sourcecode.c.h; name = PreferencesController.h; path = core/PreferencesController.h; sourceTree = "<group>"; };
		AFBB7D4D14F98C1B00424C12 /* PreferencesController.m */ = {isa = PBXFileReference; fileEncoding = 4; lastKnownFileType = sourcecode.c.objc; name = PreferencesController.m; path = core/PreferencesController.m; sourceTree = "<group>"; };
		AFBBA03C18D4AB93002E7036 /* CRCSavedRequestFolder.h */ = {isa = PBXFileReference; fileEncoding = 4; lastKnownFileType = sourcecode.c.h; name = CRCSavedRequestFolder.h; path = request/CRCSavedRequestFolder.h; sourceTree = "<group>"; };
		AFBBA03D18D4AB93002E7036 /* CRCSavedRequestFolder.m */ = {isa = PBXFileReference; fileEncoding = 4; lastKnownFileType = sourcecode.c.objc; name = CRCSavedRequestFolder.m; path = request/CRCSavedRequestFolder.m; sourceTree = "<group>"; };
		AFBF08BC14C1E9BB000E7411 /* ExportRequests.xib */ = {isa = PBXFileReference; fileEncoding = 4; lastKnownFileType = file.xib; name = ExportRequests.xib; path = English.lproj/ExportRequests.xib; sourceTree = "<group>"; };
		AFBF08C314C32D30000E7411 /* ExportRequestsController.h */ = {isa = PBXFileReference; fileEncoding = 4; lastKnownFileType = sourcecode.c.h; name = ExportRequestsController.h; path = core/ExportRequestsController.h; sourceTree = "<group>"; };
		AFBF08C414C32D30000E7411 /* ExportRequestsController.m */ = {isa = PBXFileReference; fileEncoding = 4; lastKnownFileType = sourcecode.c.objc; name = ExportRequestsController.m; path = core/ExportRequestsController.m; sourceTree = "<group>"; };
		AFBF08E014C4D7EE000E7411 /* CRCDrawerView.h */ = {isa = PBXFileReference; fileEncoding = 4; lastKnownFileType = sourcecode.c.h; name = CRCDrawerView.h; path = view/CRCDrawerView.h; sourceTree = "<group>"; };
		AFBF08E114C4D7EE000E7411 /* CRCDrawerView.m */ = {isa = PBXFileReference; fileEncoding = 4; lastKnownFileType = sourcecode.c.objc; name = CRCDrawerView.m; path = view/CRCDrawerView.m; sourceTree = "<group>"; };
		AFCE79561419B54600E22468 /* dsa_pub.pem */ = {isa = PBXFileReference; fileEncoding = 4; lastKnownFileType = text; name = dsa_pub.pem; path = English.lproj/dsa_pub.pem; sourceTree = "<group>"; };
		AFE1837612E394E5001B1B29 /* LICENSE.txt */ = {isa = PBXFileReference; fileEncoding = 4; lastKnownFileType = text; path = LICENSE.txt; sourceTree = "<group>"; };
		AFF3B9791E15A0DC00AA664C /* FastSearchSavedRequestsController.h */ = {isa = PBXFileReference; fileEncoding = 4; lastKnownFileType = sourcecode.c.h; name = FastSearchSavedRequestsController.h; path = core/FastSearchSavedRequestsController.h; sourceTree = "<group>"; };
		AFF3B97A1E15A0DC00AA664C /* FastSearchSavedRequestsController.m */ = {isa = PBXFileReference; fileEncoding = 4; lastKnownFileType = sourcecode.c.objc; name = FastSearchSavedRequestsController.m; path = core/FastSearchSavedRequestsController.m; sourceTree = "<group>"; };
		AFF3B97D1E15A24600AA664C /* English */ = {isa = PBXFileReference; lastKnownFileType = file.xib; name = English; path = English.lproj/FastSearchSavedRequests.xib; sourceTree = "<group>"; };
		CA38BFABF00E1FC9B3DD37DD /* Pods-CocoaRestClient.debug.xcconfig */ = {isa = PBXFileReference; includeInIndex = 1; lastKnownFileType = text.xcconfig; name = "Pods-CocoaRestClient.debug.xcconfig"; path = "Pods/Target Support Files/Pods-CocoaRestClient/Pods-CocoaRestClient.debug.xcconfig"; sourceTree = "<group>"; };
		D714A01B11E8BF7700F5A80B /* CRCFormEncodedRequest.h */ = {isa = PBXFileReference; fileEncoding = 4; lastKnownFileType = sourcecode.c.h; name = CRCFormEncodedRequest.h; path = request/CRCFormEncodedRequest.h; sourceTree = "<group>"; };
		D714A01C11E8BF7700F5A80B /* CRCFormEncodedRequest.m */ = {isa = PBXFileReference; fileEncoding = 4; lastKnownFileType = sourcecode.c.objc; name = CRCFormEncodedRequest.m; path = request/CRCFormEncodedRequest.m; sourceTree = "<group>"; };
		D714A01E11E8C0F400F5A80B /* CRCRawRequest.h */ = {isa = PBXFileReference; fileEncoding = 4; lastKnownFileType = sourcecode.c.h; name = CRCRawRequest.h; path = request/CRCRawRequest.h; sourceTree = "<group>"; };
		D714A01F11E8C0F400F5A80B /* CRCRawRequest.m */ = {isa = PBXFileReference; fileEncoding = 4; lastKnownFileType = sourcecode.c.objc; name = CRCRawRequest.m; path = request/CRCRawRequest.m; sourceTree = "<group>"; };
		D714A02F11E8F61D00F5A80B /* CRCFileRequest.h */ = {isa = PBXFileReference; fileEncoding = 4; lastKnownFileType = sourcecode.c.h; name = CRCFileRequest.h; path = request/CRCFileRequest.h; sourceTree = "<group>"; };
		D714A03011E8F61D00F5A80B /* CRCFileRequest.m */ = {isa = PBXFileReference; fileEncoding = 4; lastKnownFileType = sourcecode.c.objc; name = CRCFileRequest.m; path = request/CRCFileRequest.m; sourceTree = "<group>"; };
		D714A0A011E901FB00F5A80B /* CRCRequest.h */ = {isa = PBXFileReference; fileEncoding = 4; lastKnownFileType = sourcecode.c.h; name = CRCRequest.h; path = request/CRCRequest.h; sourceTree = "<group>"; };
		D714A0A111E901FB00F5A80B /* CRCRequest.m */ = {isa = PBXFileReference; fileEncoding = 4; lastKnownFileType = sourcecode.c.objc; name = CRCRequest.m; path = request/CRCRequest.m; sourceTree = "<group>"; };
		D7AC588511E60DDA00D67635 /* CRCMultipartRequest.h */ = {isa = PBXFileReference; fileEncoding = 4; lastKnownFileType = sourcecode.c.h; name = CRCMultipartRequest.h; path = request/CRCMultipartRequest.h; sourceTree = "<group>"; };
		D7AC588611E60DDA00D67635 /* CRCMultipartRequest.m */ = {isa = PBXFileReference; fileEncoding = 4; lastKnownFileType = sourcecode.c.objc; name = CRCMultipartRequest.m; path = request/CRCMultipartRequest.m; sourceTree = "<group>"; };
		D7D998B211EAA29B005B8811 /* CRCTopView.h */ = {isa = PBXFileReference; fileEncoding = 4; lastKnownFileType = sourcecode.c.h; name = CRCTopView.h; path = view/CRCTopView.h; sourceTree = "<group>"; };
		D7D998B311EAA29B005B8811 /* CRCTopView.m */ = {isa = PBXFileReference; fileEncoding = 4; lastKnownFileType = sourcecode.c.objc; name = CRCTopView.m; path = view/CRCTopView.m; sourceTree = "<group>"; };
		D7EAC25B3F30972DE7FE9764 /* Pods.debug.xcconfig */ = {isa = PBXFileReference; includeInIndex = 1; lastKnownFileType = text.xcconfig; name = Pods.debug.xcconfig; path = "Pods/Target Support Files/Pods/Pods.debug.xcconfig"; sourceTree = "<group>"; };
		DECFE55E2726D0B061E38482 /* Pods.release.xcconfig */ = {isa = PBXFileReference; includeInIndex = 1; lastKnownFileType = text.xcconfig; name = Pods.release.xcconfig; path = "Pods/Target Support Files/Pods/Pods.release.xcconfig"; sourceTree = "<group>"; };
		F8553EBB0B884CE2A4EB748F /* Pods-CocoaRestClient.release.xcconfig */ = {isa = PBXFileReference; includeInIndex = 1; lastKnownFileType = text.xcconfig; name = "Pods-CocoaRestClient.release.xcconfig"; path = "Pods/Target Support Files/Pods-CocoaRestClient/Pods-CocoaRestClient.release.xcconfig"; sourceTree = "<group>"; };
/* End PBXFileReference section */

/* Begin PBXFrameworksBuildPhase section */
		8D11072E0486CEB800E47090 /* Frameworks */ = {
			isa = PBXFrameworksBuildPhase;
			buildActionMask = 2147483647;
			files = (
				2C954AFD16B97A3200C8D54B /* libz.dylib in Frameworks */,
				AF89587615608E9D0079B379 /* QuartzCore.framework in Frameworks */,
				5704EED0155C7BF400C55656 /* WebKit.framework in Frameworks */,
				8D11072F0486CEB800E47090 /* Cocoa.framework in Frameworks */,
				F84CC2410A93E76AA17BDE2D /* libPods-CocoaRestClient.a in Frameworks */,
				90655CEF553E08EB04167E1F /* libPods.a in Frameworks */,
			);
			runOnlyForDeploymentPostprocessing = 0;
		};
/* End PBXFrameworksBuildPhase section */

/* Begin PBXGroup section */
		080E96DDFE201D6D7F000001 /* Classes */ = {
			isa = PBXGroup;
			children = (
				982641EE1C91007D00FEA5E9 /* DMSlidingTabView */,
				AF1A1B9816A1DF1E00915644 /* core */,
				AFBB7D4814F985AB00424C12 /* view */,
				AFBB7D4414F93DE400424C12 /* request */,
			);
			name = Classes;
			sourceTree = "<group>";
		};
		1058C7A0FEA54F0111CA2CBB /* Linked Frameworks */ = {
			isa = PBXGroup;
			children = (
				1058C7A1FEA54F0111CA2CBB /* Cocoa.framework */,
			);
			name = "Linked Frameworks";
			sourceTree = "<group>";
		};
		1058C7A2FEA54F0111CA2CBB /* Other Frameworks */ = {
			isa = PBXGroup;
			children = (
				29B97324FDCFA39411CA2CEA /* AppKit.framework */,
				13E42FB307B3F0F600E4EEF1 /* CoreData.framework */,
				29B97325FDCFA39411CA2CEA /* Foundation.framework */,
			);
			name = "Other Frameworks";
			sourceTree = "<group>";
		};
		19C28FACFE9D520D11CA2CBB /* Products */ = {
			isa = PBXGroup;
			children = (
				8D1107320486CEB800E47090 /* CocoaRestClient.app */,
			);
			name = Products;
			sourceTree = "<group>";
		};
		29B97314FDCFA39411CA2CEA /* CocoaRestClient */ = {
			isa = PBXGroup;
			children = (
				AF895874156088610079B379 /* QuartzCore.framework */,
				5704EECF155C7BF400C55656 /* WebKit.framework */,
				080E96DDFE201D6D7F000001 /* Classes */,
				29B97315FDCFA39411CA2CEA /* Other Sources */,
				29B97317FDCFA39411CA2CEA /* Resources */,
				29B97323FDCFA39411CA2CEA /* Frameworks */,
				19C28FACFE9D520D11CA2CBB /* Products */,
				2C1E2F4CE5F1D0141F817AAD /* Pods */,
			);
			name = CocoaRestClient;
			sourceTree = "<group>";
		};
		29B97315FDCFA39411CA2CEA /* Other Sources */ = {
			isa = PBXGroup;
			children = (
				256AC3F00F4B6AF500CF3369 /* CocoaRestClient_Prefix.pch */,
				29B97316FDCFA39411CA2CEA /* main.m */,
			);
			name = "Other Sources";
			sourceTree = "<group>";
		};
		29B97317FDCFA39411CA2CEA /* Resources */ = {
			isa = PBXGroup;
			children = (
				AFB3AA3E1A94051700012E04 /* Images.xcassets */,
				AFCE79561419B54600E22468 /* dsa_pub.pem */,
				AFE1837612E394E5001B1B29 /* LICENSE.txt */,
				AF7A149A113B583A00F0D6F5 /* cocoaRestClient.icns */,
				8D1107310486CEB800E47090 /* CocoaRestClient-Info.plist */,
				089C165CFE840E0CC02AAC07 /* InfoPlist.strings */,
				1DDD58140DA1D0A300B32029 /* MainMenu.xib */,
				AFBF08BC14C1E9BB000E7411 /* ExportRequests.xib */,
				AFBB7D4914F98B4000424C12 /* Preferences.xib */,
				AFA11AB315CEDA3600831738 /* Welcome.xib */,
				AFA11ACC15CF036300831738 /* motd.txt */,
				985608C01C8FF3E700A3EB6E /* defaults.plist */,
				AFF3B97C1E15A24600AA664C /* FastSearchSavedRequests.xib */,
			);
			name = Resources;
			sourceTree = "<group>";
		};
		29B97323FDCFA39411CA2CEA /* Frameworks */ = {
			isa = PBXGroup;
			children = (
				2C954AFC16B97A3200C8D54B /* libz.dylib */,
				1058C7A0FEA54F0111CA2CBB /* Linked Frameworks */,
				1058C7A2FEA54F0111CA2CBB /* Other Frameworks */,
				14C15A15CB9C1B4386B81228 /* libPods.a */,
				8CCF7DF709BFF6221813746B /* libPods-CocoaRestClient.a */,
			);
			name = Frameworks;
			sourceTree = "<group>";
		};
		2C1E2F4CE5F1D0141F817AAD /* Pods */ = {
			isa = PBXGroup;
			children = (
				D7EAC25B3F30972DE7FE9764 /* Pods.debug.xcconfig */,
				DECFE55E2726D0B061E38482 /* Pods.release.xcconfig */,
				CA38BFABF00E1FC9B3DD37DD /* Pods-CocoaRestClient.debug.xcconfig */,
				F8553EBB0B884CE2A4EB748F /* Pods-CocoaRestClient.release.xcconfig */,
			);
			name = Pods;
			sourceTree = "<group>";
		};
		982641EE1C91007D00FEA5E9 /* DMSlidingTabView */ = {
			isa = PBXGroup;
			children = (
				AF0A96B71CC86D57001870FC /* DMSlidingTabItemView.h */,
				AF0A96B81CC86D57001870FC /* DMSlidingTabItemView.m */,
				AF0A96B91CC86D57001870FC /* DMSlidingTabView.h */,
				AF0A96BA1CC86D57001870FC /* DMSlidingTabView.m */,
				AF0A96B61CC86D38001870FC /* DMSlidingTabViewItemProtocol.h */,
			);
			name = DMSlidingTabView;
			sourceTree = "<group>";
		};
		AF1A1B9816A1DF1E00915644 /* core */ = {
			isa = PBXGroup;
			children = (
				AFAA04FA1CFB6F19005A50ED /* ContentTypes.h */,
				AFAA04FB1CFB6F19005A50ED /* ContentTypes.m */,
				985608C51C90031300A3EB6E /* CRCConstants.h */,
				985608C61C90031300A3EB6E /* CRCConstants.m */,
				AF90070316AC43A80012C758 /* CocoaRestClientAppDelegate.h */,
				AF90070416AC43A80012C758 /* CocoaRestClientAppDelegate.m */,
				AFBB7D4C14F98C1B00424C12 /* PreferencesController.h */,
				AFBB7D4D14F98C1B00424C12 /* PreferencesController.m */,
				256AC3D80F4B6AC300CF3369 /* CheckableRequestWrapper.h */,
				256AC3D90F4B6AC300CF3369 /* CheckableRequestWrapper.m */,
				AFBF08C314C32D30000E7411 /* ExportRequestsController.h */,
				AFBF08C414C32D30000E7411 /* ExportRequestsController.m */,
				AFA11AB615CEDAE300831738 /* WelcomeController.h */,
				AFA11AB715CEDAE300831738 /* WelcomeController.m */,
				AFF3B9791E15A0DC00AA664C /* FastSearchSavedRequestsController.h */,
				AFF3B97A1E15A0DC00AA664C /* FastSearchSavedRequestsController.m */,
			);
			name = core;
			sourceTree = "<group>";
		};
		AFBB7D4414F93DE400424C12 /* request */ = {
			isa = PBXGroup;
			children = (
				D7AC588511E60DDA00D67635 /* CRCMultipartRequest.h */,
				D7AC588611E60DDA00D67635 /* CRCMultipartRequest.m */,
				D714A01B11E8BF7700F5A80B /* CRCFormEncodedRequest.h */,
				D714A01C11E8BF7700F5A80B /* CRCFormEncodedRequest.m */,
				D714A01E11E8C0F400F5A80B /* CRCRawRequest.h */,
				D714A01F11E8C0F400F5A80B /* CRCRawRequest.m */,
				D714A02F11E8F61D00F5A80B /* CRCFileRequest.h */,
				D714A03011E8F61D00F5A80B /* CRCFileRequest.m */,
				D714A0A011E901FB00F5A80B /* CRCRequest.h */,
				D714A0A111E901FB00F5A80B /* CRCRequest.m */,
				2C954AF816B9799D00C8D54B /* NSData+gzip.h */,
				2C954AF916B9799D00C8D54B /* NSData+gzip.m */,
				AFBBA03C18D4AB93002E7036 /* CRCSavedRequestFolder.h */,
				AFBBA03D18D4AB93002E7036 /* CRCSavedRequestFolder.m */,
			);
			name = request;
			sourceTree = "<group>";
		};
		AFBB7D4814F985AB00424C12 /* view */ = {
			isa = PBXGroup;
			children = (
				AFBB7D4514F9587A00424C12 /* TabbingTableView.h */,
				AFBB7D4614F9587A00424C12 /* TabbingTableView.m */,
				D7D998B211EAA29B005B8811 /* CRCTopView.h */,
				D7D998B311EAA29B005B8811 /* CRCTopView.m */,
				AFBF08E014C4D7EE000E7411 /* CRCDrawerView.h */,
				AFBF08E114C4D7EE000E7411 /* CRCDrawerView.m */,
				2C03E34E16CA2E0F00C7608A /* CRCHTTPHeaderCell.m */,
				2C03E34D16CA2E0F00C7608A /* CRCHTTPHeaderCell.h */,
				AF7CE5C51766CBC10080363B /* TableRowAndColumn.h */,
				AF7CE5C61766CBC10080363B /* TableRowAndColumn.m */,
				AFB3AA3B1A87E43400012E04 /* HighlightingTypeManager.h */,
				AFB3AA3C1A87E43400012E04 /* HighlightingTypeManager.m */,
			);
			name = view;
			sourceTree = "<group>";
		};
/* End PBXGroup section */

/* Begin PBXNativeTarget section */
		8D1107260486CEB800E47090 /* CocoaRestClient */ = {
			isa = PBXNativeTarget;
			buildConfigurationList = C01FCF4A08A954540054247B /* Build configuration list for PBXNativeTarget "CocoaRestClient" */;
			buildPhases = (
				EDD115E02121420F8D3A0921 /* Check Pods Manifest.lock */,
				FCAEBE35430B94C6C1587894 /* 📦 Check Pods Manifest.lock */,
				8D1107290486CEB800E47090 /* Resources */,
				8D11072C0486CEB800E47090 /* Sources */,
				8D11072E0486CEB800E47090 /* Frameworks */,
				AFCE79541419B49700E22468 /* CopyFiles */,
				0B3CF23179E00579F355A6A8 /* 📦 Copy Pods Resources */,
				6250BD2BBA69C29720A4E395 /* 📦 Embed Pods Frameworks */,
				6D54EE5330DE6A1B2E789668 /* Embed Pods Frameworks */,
				447589E7CC1305ED0F1EF474 /* Copy Pods Resources */,
			);
			buildRules = (
			);
			dependencies = (
			);
			name = CocoaRestClient;
			productInstallPath = "$(HOME)/Applications";
			productName = CocoaRestClient;
			productReference = 8D1107320486CEB800E47090 /* CocoaRestClient.app */;
			productType = "com.apple.product-type.application";
		};
/* End PBXNativeTarget section */

/* Begin PBXProject section */
		29B97313FDCFA39411CA2CEA /* Project object */ = {
			isa = PBXProject;
			attributes = {
				LastUpgradeCheck = 0730;
			};
			buildConfigurationList = C01FCF4E08A954540054247B /* Build configuration list for PBXProject "CocoaRestClient" */;
			compatibilityVersion = "Xcode 6.3";
			developmentRegion = English;
			hasScannedForEncodings = 1;
			knownRegions = (
				en,
				English,
			);
			mainGroup = 29B97314FDCFA39411CA2CEA /* CocoaRestClient */;
			projectDirPath = "";
			projectRoot = "";
			targets = (
				8D1107260486CEB800E47090 /* CocoaRestClient */,
			);
		};
/* End PBXProject section */

/* Begin PBXResourcesBuildPhase section */
		8D1107290486CEB800E47090 /* Resources */ = {
			isa = PBXResourcesBuildPhase;
			buildActionMask = 2147483647;
			files = (
				8D11072B0486CEB800E47090 /* InfoPlist.strings in Resources */,
				1DDD58160DA1D0A300B32029 /* MainMenu.xib in Resources */,
				AF7A149B113B583A00F0D6F5 /* cocoaRestClient.icns in Resources */,
				AFE1837712E394E5001B1B29 /* LICENSE.txt in Resources */,
				AFCE79571419B54600E22468 /* dsa_pub.pem in Resources */,
				AFBF08BD14C1E9BB000E7411 /* ExportRequests.xib in Resources */,
				985608C11C8FF3E700A3EB6E /* defaults.plist in Resources */,
				AFBB7D4B14F98B4000424C12 /* Preferences.xib in Resources */,
				AFA11AB515CEDA3600831738 /* Welcome.xib in Resources */,
				AFB3AA3F1A94051700012E04 /* Images.xcassets in Resources */,
				AFA11ACD15CF036300831738 /* motd.txt in Resources */,
				AFF3B97E1E15A24600AA664C /* FastSearchSavedRequests.xib in Resources */,
			);
			runOnlyForDeploymentPostprocessing = 0;
		};
/* End PBXResourcesBuildPhase section */

/* Begin PBXShellScriptBuildPhase section */
		0B3CF23179E00579F355A6A8 /* 📦 Copy Pods Resources */ = {
			isa = PBXShellScriptBuildPhase;
			buildActionMask = 2147483647;
			files = (
			);
			inputPaths = (
			);
			name = "📦 Copy Pods Resources";
			outputPaths = (
			);
			runOnlyForDeploymentPostprocessing = 0;
			shellPath = /bin/sh;
			shellScript = "\"${SRCROOT}/Pods/Target Support Files/Pods-CocoaRestClient/Pods-CocoaRestClient-resources.sh\"\n";
			showEnvVarsInLog = 0;
		};
		447589E7CC1305ED0F1EF474 /* Copy Pods Resources */ = {
			isa = PBXShellScriptBuildPhase;
			buildActionMask = 2147483647;
			files = (
			);
			inputPaths = (
			);
			name = "Copy Pods Resources";
			outputPaths = (
			);
			runOnlyForDeploymentPostprocessing = 0;
			shellPath = /bin/sh;
			shellScript = "\"${SRCROOT}/Pods/Target Support Files/Pods/Pods-resources.sh\"\n";
			showEnvVarsInLog = 0;
		};
		6250BD2BBA69C29720A4E395 /* 📦 Embed Pods Frameworks */ = {
			isa = PBXShellScriptBuildPhase;
			buildActionMask = 2147483647;
			files = (
			);
			inputPaths = (
			);
			name = "📦 Embed Pods Frameworks";
			outputPaths = (
			);
			runOnlyForDeploymentPostprocessing = 0;
			shellPath = /bin/sh;
			shellScript = "\"${SRCROOT}/Pods/Target Support Files/Pods-CocoaRestClient/Pods-CocoaRestClient-frameworks.sh\"\n";
			showEnvVarsInLog = 0;
		};
		6D54EE5330DE6A1B2E789668 /* Embed Pods Frameworks */ = {
			isa = PBXShellScriptBuildPhase;
			buildActionMask = 2147483647;
			files = (
			);
			inputPaths = (
			);
			name = "Embed Pods Frameworks";
			outputPaths = (
			);
			runOnlyForDeploymentPostprocessing = 0;
			shellPath = /bin/sh;
			shellScript = "\"${SRCROOT}/Pods/Target Support Files/Pods/Pods-frameworks.sh\"\n";
			showEnvVarsInLog = 0;
		};
		EDD115E02121420F8D3A0921 /* Check Pods Manifest.lock */ = {
			isa = PBXShellScriptBuildPhase;
			buildActionMask = 2147483647;
			files = (
			);
			inputPaths = (
			);
			name = "Check Pods Manifest.lock";
			outputPaths = (
			);
			runOnlyForDeploymentPostprocessing = 0;
			shellPath = /bin/sh;
			shellScript = "diff \"${PODS_ROOT}/../Podfile.lock\" \"${PODS_ROOT}/Manifest.lock\" > /dev/null\nif [[ $? != 0 ]] ; then\n    cat << EOM\nerror: The sandbox is not in sync with the Podfile.lock. Run 'pod install' or update your CocoaPods installation.\nEOM\n    exit 1\nfi\n";
			showEnvVarsInLog = 0;
		};
		FCAEBE35430B94C6C1587894 /* 📦 Check Pods Manifest.lock */ = {
			isa = PBXShellScriptBuildPhase;
			buildActionMask = 2147483647;
			files = (
			);
			inputPaths = (
			);
			name = "📦 Check Pods Manifest.lock";
			outputPaths = (
			);
			runOnlyForDeploymentPostprocessing = 0;
			shellPath = /bin/sh;
			shellScript = "diff \"${PODS_ROOT}/../Podfile.lock\" \"${PODS_ROOT}/Manifest.lock\" > /dev/null\nif [[ $? != 0 ]] ; then\n    cat << EOM\nerror: The sandbox is not in sync with the Podfile.lock. Run 'pod install' or update your CocoaPods installation.\nEOM\n    exit 1\nfi\n";
			showEnvVarsInLog = 0;
		};
/* End PBXShellScriptBuildPhase section */

/* Begin PBXSourcesBuildPhase section */
		8D11072C0486CEB800E47090 /* Sources */ = {
			isa = PBXSourcesBuildPhase;
			buildActionMask = 2147483647;
			files = (
				AF0A96BE1CC86E1A001870FC /* DMSlidingTabItemView.m in Sources */,
				AF0A96C01CC86E1A001870FC /* DMSlidingTabView.m in Sources */,
				8D11072D0486CEB800E47090 /* main.m in Sources */,
				AFB3AA3D1A87E43400012E04 /* HighlightingTypeManager.m in Sources */,
				AF1FC48410F435BD00ED5A57 /* CheckableRequestWrapper.m in Sources */,
				D7AC588711E60DDA00D67635 /* CRCMultipartRequest.m in Sources */,
				D714A01D11E8BF7700F5A80B /* CRCFormEncodedRequest.m in Sources */,
				D714A02011E8C0F400F5A80B /* CRCRawRequest.m in Sources */,
				D714A03111E8F61D00F5A80B /* CRCFileRequest.m in Sources */,
				D714A0A211E901FB00F5A80B /* CRCRequest.m in Sources */,
				D7D998B411EAA29B005B8811 /* CRCTopView.m in Sources */,
				AFBF08C514C32D30000E7411 /* ExportRequestsController.m in Sources */,
				AFBF08E214C4D7EE000E7411 /* CRCDrawerView.m in Sources */,
				AFBB7D4714F9587A00424C12 /* TabbingTableView.m in Sources */,
				AFBB7D4E14F98C1B00424C12 /* PreferencesController.m in Sources */,
				AFA11AB815CEDAE300831738 /* WelcomeController.m in Sources */,
				985608C71C90031300A3EB6E /* CRCConstants.m in Sources */,
				AFAA04FC1CFB6F19005A50ED /* ContentTypes.m in Sources */,
				AF90070516AC43A80012C758 /* CocoaRestClientAppDelegate.m in Sources */,
				2C954AFA16B9799D00C8D54B /* NSData+gzip.m in Sources */,
				2C03E34F16CA2E0F00C7608A /* CRCHTTPHeaderCell.m in Sources */,
				AFF3B97B1E15A0DC00AA664C /* FastSearchSavedRequestsController.m in Sources */,
				AF7CE5C71766CBC10080363B /* TableRowAndColumn.m in Sources */,
				AFBBA03E18D4AB93002E7036 /* CRCSavedRequestFolder.m in Sources */,
			);
			runOnlyForDeploymentPostprocessing = 0;
		};
/* End PBXSourcesBuildPhase section */

/* Begin PBXVariantGroup section */
		089C165CFE840E0CC02AAC07 /* InfoPlist.strings */ = {
			isa = PBXVariantGroup;
			children = (
				089C165DFE840E0CC02AAC07 /* English */,
			);
			name = InfoPlist.strings;
			sourceTree = "<group>";
		};
		1DDD58140DA1D0A300B32029 /* MainMenu.xib */ = {
			isa = PBXVariantGroup;
			children = (
				1DDD58150DA1D0A300B32029 /* English */,
			);
			name = MainMenu.xib;
			sourceTree = "<group>";
		};
		AFA11AB315CEDA3600831738 /* Welcome.xib */ = {
			isa = PBXVariantGroup;
			children = (
				AFA11AB415CEDA3600831738 /* English */,
			);
			name = Welcome.xib;
			sourceTree = "<group>";
		};
		AFBB7D4914F98B4000424C12 /* Preferences.xib */ = {
			isa = PBXVariantGroup;
			children = (
				AFBB7D4A14F98B4000424C12 /* English */,
			);
			name = Preferences.xib;
			sourceTree = "<group>";
		};
		AFF3B97C1E15A24600AA664C /* FastSearchSavedRequests.xib */ = {
			isa = PBXVariantGroup;
			children = (
				AFF3B97D1E15A24600AA664C /* English */,
			);
			name = FastSearchSavedRequests.xib;
			sourceTree = "<group>";
		};
/* End PBXVariantGroup section */

/* Begin XCBuildConfiguration section */
		C01FCF4B08A954540054247B /* Debug */ = {
			isa = XCBuildConfiguration;
			baseConfigurationReference = CA38BFABF00E1FC9B3DD37DD /* Pods-CocoaRestClient.debug.xcconfig */;
			buildSettings = {
				ALWAYS_SEARCH_USER_PATHS = NO;
				ASSETCATALOG_COMPILER_APPICON_NAME = AppIcon;
				COMBINE_HIDPI_IMAGES = YES;
				COPY_PHASE_STRIP = NO;
				FRAMEWORK_SEARCH_PATHS = (
					"$(inherited)",
					"\"$(SRCROOT)\"",
				);
				GCC_DYNAMIC_NO_PIC = NO;
				GCC_ENABLE_OBJC_GC = unsupported;
				GCC_MODEL_TUNING = G5;
				GCC_OPTIMIZATION_LEVEL = 0;
				GCC_PRECOMPILE_PREFIX_HEADER = YES;
				GCC_PREFIX_HEADER = core/CocoaRestClient_Prefix.pch;
				GCC_VERSION = "";
				INFOPLIST_FILE = "CocoaRestClient-Info.plist";
				INSTALL_PATH = "$(HOME)/Applications";
				MACOSX_DEPLOYMENT_TARGET = 10.11;
				PRODUCT_BUNDLE_IDENTIFIER = org.restlesscode.cocoarestclient;
				PRODUCT_NAME = CocoaRestClient;
			};
			name = Debug;
		};
		C01FCF4C08A954540054247B /* Release */ = {
			isa = XCBuildConfiguration;
			baseConfigurationReference = F8553EBB0B884CE2A4EB748F /* Pods-CocoaRestClient.release.xcconfig */;
			buildSettings = {
				ALWAYS_SEARCH_USER_PATHS = NO;
				ASSETCATALOG_COMPILER_APPICON_NAME = AppIcon;
				COMBINE_HIDPI_IMAGES = YES;
				DEBUG_INFORMATION_FORMAT = "dwarf-with-dsym";
				FRAMEWORK_SEARCH_PATHS = (
					"$(inherited)",
					"\"$(SRCROOT)\"",
				);
				GCC_ENABLE_OBJC_GC = unsupported;
				GCC_MODEL_TUNING = G5;
				GCC_PRECOMPILE_PREFIX_HEADER = YES;
				GCC_PREFIX_HEADER = core/CocoaRestClient_Prefix.pch;
				GCC_VERSION = "";
				INFOPLIST_FILE = "CocoaRestClient-Info.plist";
				INSTALL_PATH = "$(HOME)/Applications";
				MACOSX_DEPLOYMENT_TARGET = 10.11;
				PRODUCT_BUNDLE_IDENTIFIER = org.restlesscode.cocoarestclient;
				PRODUCT_NAME = CocoaRestClient;
			};
			name = Release;
		};
		C01FCF4F08A954540054247B /* Debug */ = {
			isa = XCBuildConfiguration;
			buildSettings = {
				CLANG_ENABLE_OBJC_ARC = YES;
				ENABLE_TESTABILITY = YES;
				GCC_C_LANGUAGE_STANDARD = gnu99;
				GCC_ENABLE_OBJC_GC = supported;
				GCC_OPTIMIZATION_LEVEL = s;
				GCC_VERSION = "";
				GCC_WARN_ABOUT_RETURN_TYPE = YES;
				GCC_WARN_UNUSED_VARIABLE = YES;
				MACOSX_DEPLOYMENT_TARGET = 10.9;
				ONLY_ACTIVE_ARCH = YES;
				OTHER_CFLAGS = "-DDEBUG";
			};
			name = Debug;
		};
		C01FCF5008A954540054247B /* Release */ = {
			isa = XCBuildConfiguration;
			buildSettings = {
				CLANG_ENABLE_OBJC_ARC = YES;
				GCC_C_LANGUAGE_STANDARD = gnu99;
				GCC_ENABLE_OBJC_GC = supported;
				GCC_VERSION = "";
				GCC_WARN_ABOUT_RETURN_TYPE = YES;
				GCC_WARN_UNUSED_VARIABLE = YES;
				MACOSX_DEPLOYMENT_TARGET = 10.9;
				ONLY_ACTIVE_ARCH = NO;
			};
			name = Release;
		};
/* End XCBuildConfiguration section */

/* Begin XCConfigurationList section */
		C01FCF4A08A954540054247B /* Build configuration list for PBXNativeTarget "CocoaRestClient" */ = {
			isa = XCConfigurationList;
			buildConfigurations = (
				C01FCF4B08A954540054247B /* Debug */,
				C01FCF4C08A954540054247B /* Release */,
			);
			defaultConfigurationIsVisible = 0;
			defaultConfigurationName = Release;
		};
		C01FCF4E08A954540054247B /* Build configuration list for PBXProject "CocoaRestClient" */ = {
			isa = XCConfigurationList;
			buildConfigurations = (
				C01FCF4F08A954540054247B /* Debug */,
				C01FCF5008A954540054247B /* Release */,
			);
			defaultConfigurationIsVisible = 0;
			defaultConfigurationName = Release;
		};
/* End XCConfigurationList section */
	};
	rootObject = 29B97313FDCFA39411CA2CEA /* Project object */;
}
