// !$*UTF8*$!
{
	archiveVersion = 1;
	classes = {
	};
	objectVersion = 46;
	objects = {

/* Begin PBXBuildFile section */
		1DDD58160DA1D0A300B32029 /* MainMenu.xib in Resources */ = {isa = PBXBuildFile; fileRef = 1DDD58140DA1D0A300B32029 /* MainMenu.xib */; };
		2C03E34F16CA2E0F00C7608A /* CRCHTTPHeaderCell.m in Sources */ = {isa = PBXBuildFile; fileRef = 2C03E34E16CA2E0F00C7608A /* CRCHTTPHeaderCell.m */; };
		2C954AFA16B9799D00C8D54B /* NSData+gzip.m in Sources */ = {isa = PBXBuildFile; fileRef = 2C954AF916B9799D00C8D54B /* NSData+gzip.m */; };
		2C954AFD16B97A3200C8D54B /* libz.dylib in Frameworks */ = {isa = PBXBuildFile; fileRef = 2C954AFC16B97A3200C8D54B /* libz.dylib */; };
		510FDE5317036FDC0024972E /* MessagePackPacker.m in Sources */ = {isa = PBXBuildFile; fileRef = 510FDE3217036FDC0024972E /* MessagePackPacker.m */; };
		510FDE5417036FDC0024972E /* MessagePackParser+Streaming.m in Sources */ = {isa = PBXBuildFile; fileRef = 510FDE3417036FDC0024972E /* MessagePackParser+Streaming.m */; };
		510FDE5517036FDC0024972E /* MessagePackParser.m in Sources */ = {isa = PBXBuildFile; fileRef = 510FDE3617036FDC0024972E /* MessagePackParser.m */; };
		510FDE5617036FDC0024972E /* objectc.c in Sources */ = {isa = PBXBuildFile; fileRef = 510FDE4717036FDC0024972E /* objectc.c */; };
		510FDE5717036FDC0024972E /* unpack.c in Sources */ = {isa = PBXBuildFile; fileRef = 510FDE4817036FDC0024972E /* unpack.c */; };
		510FDE5817036FDC0024972E /* version.c in Sources */ = {isa = PBXBuildFile; fileRef = 510FDE4917036FDC0024972E /* version.c */; };
		510FDE5917036FDC0024972E /* vrefbuffer.c in Sources */ = {isa = PBXBuildFile; fileRef = 510FDE4A17036FDC0024972E /* vrefbuffer.c */; };
		510FDE5A17036FDC0024972E /* zone.c in Sources */ = {isa = PBXBuildFile; fileRef = 510FDE4B17036FDC0024972E /* zone.c */; };
		510FDE5B17036FDC0024972E /* NSArray+MessagePack.m in Sources */ = {isa = PBXBuildFile; fileRef = 510FDE4D17036FDC0024972E /* NSArray+MessagePack.m */; };
		510FDE5C17036FDC0024972E /* NSData+MessagePack.m in Sources */ = {isa = PBXBuildFile; fileRef = 510FDE4F17036FDC0024972E /* NSData+MessagePack.m */; };
		510FDE5D17036FDC0024972E /* NSDictionary+MessagePack.m in Sources */ = {isa = PBXBuildFile; fileRef = 510FDE5117036FDC0024972E /* NSDictionary+MessagePack.m */; };
		510FDE5E17036FDC0024972E /* readme.md in Resources */ = {isa = PBXBuildFile; fileRef = 510FDE5217036FDC0024972E /* readme.md */; };
		5704EE6A155B533200C55656 /* libicucore.dylib in Frameworks */ = {isa = PBXBuildFile; fileRef = 5704EE69155B533200C55656 /* libicucore.dylib */; };
		5704EE6C155B540900C55656 /* MGSFragaria.framework in Frameworks */ = {isa = PBXBuildFile; fileRef = 5704EE6B155B540900C55656 /* MGSFragaria.framework */; };
		5704EE6D155B563E00C55656 /* MGSFragaria.framework in CopyFiles */ = {isa = PBXBuildFile; fileRef = 5704EE6B155B540900C55656 /* MGSFragaria.framework */; };
		5704EE85155B9C4200C55656 /* HighlightedTextView.m in Sources */ = {isa = PBXBuildFile; fileRef = 5704EE84155B9C4200C55656 /* HighlightedTextView.m */; };
		5704EED0155C7BF400C55656 /* WebKit.framework in Frameworks */ = {isa = PBXBuildFile; fileRef = 5704EECF155C7BF400C55656 /* WebKit.framework */; };
		8D11072B0486CEB800E47090 /* InfoPlist.strings in Resources */ = {isa = PBXBuildFile; fileRef = 089C165CFE840E0CC02AAC07 /* InfoPlist.strings */; };
		8D11072D0486CEB800E47090 /* main.m in Sources */ = {isa = PBXBuildFile; fileRef = 29B97316FDCFA39411CA2CEA /* main.m */; settings = {ATTRIBUTES = (); }; };
		8D11072F0486CEB800E47090 /* Cocoa.framework in Frameworks */ = {isa = PBXBuildFile; fileRef = 1058C7A1FEA54F0111CA2CBB /* Cocoa.framework */; };
		AF074F5810F595AF00EE44D8 /* NSObject+SBJSON.m in Sources */ = {isa = PBXBuildFile; fileRef = AF074F4D10F595AF00EE44D8 /* NSObject+SBJSON.m */; };
		AF074F5910F595AF00EE44D8 /* NSString+SBJSON.m in Sources */ = {isa = PBXBuildFile; fileRef = AF074F4F10F595AF00EE44D8 /* NSString+SBJSON.m */; };
		AF074F5A10F595AF00EE44D8 /* SBJSON.m in Sources */ = {isa = PBXBuildFile; fileRef = AF074F5110F595AF00EE44D8 /* SBJSON.m */; };
		AF074F5B10F595AF00EE44D8 /* SBJsonBase.m in Sources */ = {isa = PBXBuildFile; fileRef = AF074F5310F595AF00EE44D8 /* SBJsonBase.m */; };
		AF074F5C10F595AF00EE44D8 /* SBJsonParser.m in Sources */ = {isa = PBXBuildFile; fileRef = AF074F5510F595AF00EE44D8 /* SBJsonParser.m */; };
		AF074F5D10F595AF00EE44D8 /* SBJsonWriter.m in Sources */ = {isa = PBXBuildFile; fileRef = AF074F5710F595AF00EE44D8 /* SBJsonWriter.m */; };
		AF1FC48410F435BD00ED5A57 /* CheckableRequestWrapper.m in Sources */ = {isa = PBXBuildFile; fileRef = 256AC3D90F4B6AC300CF3369 /* CheckableRequestWrapper.m */; };
		AF7A149B113B583A00F0D6F5 /* cocoaRestClient.icns in Resources */ = {isa = PBXBuildFile; fileRef = AF7A149A113B583A00F0D6F5 /* cocoaRestClient.icns */; };
		AF89587615608E9D0079B379 /* QuartzCore.framework in Frameworks */ = {isa = PBXBuildFile; fileRef = AF895874156088610079B379 /* QuartzCore.framework */; };
		AF90070516AC43A80012C758 /* CocoaRestClientAppDelegate.m in Sources */ = {isa = PBXBuildFile; fileRef = AF90070416AC43A80012C758 /* CocoaRestClientAppDelegate.m */; };
		AFA11AB515CEDA3600831738 /* Welcome.xib in Resources */ = {isa = PBXBuildFile; fileRef = AFA11AB315CEDA3600831738 /* Welcome.xib */; };
		AFA11AB815CEDAE300831738 /* WelcomeController.m in Sources */ = {isa = PBXBuildFile; fileRef = AFA11AB715CEDAE300831738 /* WelcomeController.m */; };
		AFA11ACD15CF036300831738 /* motd.txt in Resources */ = {isa = PBXBuildFile; fileRef = AFA11ACC15CF036300831738 /* motd.txt */; };
		AFBB7D4714F9587A00424C12 /* TabbingTableView.m in Sources */ = {isa = PBXBuildFile; fileRef = AFBB7D4614F9587A00424C12 /* TabbingTableView.m */; };
		AFBB7D4B14F98B4000424C12 /* Preferences.xib in Resources */ = {isa = PBXBuildFile; fileRef = AFBB7D4914F98B4000424C12 /* Preferences.xib */; };
		AFBB7D4E14F98C1B00424C12 /* PreferencesController.m in Sources */ = {isa = PBXBuildFile; fileRef = AFBB7D4D14F98C1B00424C12 /* PreferencesController.m */; };
		AFBF08BD14C1E9BB000E7411 /* ExportRequests.xib in Resources */ = {isa = PBXBuildFile; fileRef = AFBF08BC14C1E9BB000E7411 /* ExportRequests.xib */; };
		AFBF08C514C32D30000E7411 /* ExportRequestsController.m in Sources */ = {isa = PBXBuildFile; fileRef = AFBF08C414C32D30000E7411 /* ExportRequestsController.m */; };
		AFBF08E214C4D7EE000E7411 /* CRCDrawerView.m in Sources */ = {isa = PBXBuildFile; fileRef = AFBF08E114C4D7EE000E7411 /* CRCDrawerView.m */; };
		AFCE79531419B47900E22468 /* Sparkle.framework in Frameworks */ = {isa = PBXBuildFile; fileRef = AFCE79521419B47900E22468 /* Sparkle.framework */; };
		AFCE79551419B49F00E22468 /* Sparkle.framework in CopyFiles */ = {isa = PBXBuildFile; fileRef = AFCE79521419B47900E22468 /* Sparkle.framework */; };
		AFCE79571419B54600E22468 /* dsa_pub.pem in Resources */ = {isa = PBXBuildFile; fileRef = AFCE79561419B54600E22468 /* dsa_pub.pem */; };
		AFE1837712E394E5001B1B29 /* LICENSE.txt in Resources */ = {isa = PBXBuildFile; fileRef = AFE1837612E394E5001B1B29 /* LICENSE.txt */; };
		D714A01D11E8BF7700F5A80B /* CRCFormEncodedRequest.m in Sources */ = {isa = PBXBuildFile; fileRef = D714A01C11E8BF7700F5A80B /* CRCFormEncodedRequest.m */; };
		D714A02011E8C0F400F5A80B /* CRCRawRequest.m in Sources */ = {isa = PBXBuildFile; fileRef = D714A01F11E8C0F400F5A80B /* CRCRawRequest.m */; };
		D714A03111E8F61D00F5A80B /* CRCFileRequest.m in Sources */ = {isa = PBXBuildFile; fileRef = D714A03011E8F61D00F5A80B /* CRCFileRequest.m */; };
		D714A0A211E901FB00F5A80B /* CRCRequest.m in Sources */ = {isa = PBXBuildFile; fileRef = D714A0A111E901FB00F5A80B /* CRCRequest.m */; };
		D7AC588711E60DDA00D67635 /* CRCMultipartRequest.m in Sources */ = {isa = PBXBuildFile; fileRef = D7AC588611E60DDA00D67635 /* CRCMultipartRequest.m */; };
		D7D998B411EAA29B005B8811 /* CRCTopView.m in Sources */ = {isa = PBXBuildFile; fileRef = D7D998B311EAA29B005B8811 /* CRCTopView.m */; };
		D7D998B611EAA2B2005B8811 /* background-header.png in Resources */ = {isa = PBXBuildFile; fileRef = D7D998B511EAA2B2005B8811 /* background-header.png */; };
/* End PBXBuildFile section */

/* Begin PBXCopyFilesBuildPhase section */
		AFCE79541419B49700E22468 /* CopyFiles */ = {
			isa = PBXCopyFilesBuildPhase;
			buildActionMask = 2147483647;
			dstPath = "";
			dstSubfolderSpec = 10;
			files = (
				AFCE79551419B49F00E22468 /* Sparkle.framework in CopyFiles */,
				5704EE6D155B563E00C55656 /* MGSFragaria.framework in CopyFiles */,
			);
			runOnlyForDeploymentPostprocessing = 0;
		};
/* End PBXCopyFilesBuildPhase section */

/* Begin PBXFileReference section */
		089C165DFE840E0CC02AAC07 /* English */ = {isa = PBXFileReference; fileEncoding = 4; lastKnownFileType = text.plist.strings; name = English; path = English.lproj/InfoPlist.strings; sourceTree = "<group>"; };
		1058C7A1FEA54F0111CA2CBB /* Cocoa.framework */ = {isa = PBXFileReference; lastKnownFileType = wrapper.framework; name = Cocoa.framework; path = /System/Library/Frameworks/Cocoa.framework; sourceTree = "<absolute>"; };
		13E42FB307B3F0F600E4EEF1 /* CoreData.framework */ = {isa = PBXFileReference; lastKnownFileType = wrapper.framework; name = CoreData.framework; path = /System/Library/Frameworks/CoreData.framework; sourceTree = "<absolute>"; };
		1DDD58150DA1D0A300B32029 /* English */ = {isa = PBXFileReference; lastKnownFileType = file.xib; name = English; path = English.lproj/MainMenu.xib; sourceTree = "<group>"; };
		256AC3D80F4B6AC300CF3369 /* CheckableRequestWrapper.h */ = {isa = PBXFileReference; fileEncoding = 4; lastKnownFileType = sourcecode.c.h; name = CheckableRequestWrapper.h; path = core/CheckableRequestWrapper.h; sourceTree = "<group>"; };
		256AC3D90F4B6AC300CF3369 /* CheckableRequestWrapper.m */ = {isa = PBXFileReference; fileEncoding = 4; lastKnownFileType = sourcecode.c.objc; name = CheckableRequestWrapper.m; path = core/CheckableRequestWrapper.m; sourceTree = "<group>"; };
		256AC3F00F4B6AF500CF3369 /* CocoaRestClient_Prefix.pch */ = {isa = PBXFileReference; fileEncoding = 4; lastKnownFileType = sourcecode.c.h; name = CocoaRestClient_Prefix.pch; path = core/CocoaRestClient_Prefix.pch; sourceTree = "<group>"; };
		29B97316FDCFA39411CA2CEA /* main.m */ = {isa = PBXFileReference; fileEncoding = 4; lastKnownFileType = sourcecode.c.objc; name = main.m; path = core/main.m; sourceTree = "<group>"; };
		29B97324FDCFA39411CA2CEA /* AppKit.framework */ = {isa = PBXFileReference; lastKnownFileType = wrapper.framework; name = AppKit.framework; path = /System/Library/Frameworks/AppKit.framework; sourceTree = "<absolute>"; };
		29B97325FDCFA39411CA2CEA /* Foundation.framework */ = {isa = PBXFileReference; lastKnownFileType = wrapper.framework; name = Foundation.framework; path = /System/Library/Frameworks/Foundation.framework; sourceTree = "<absolute>"; };
		2C03E34D16CA2E0F00C7608A /* CRCHTTPHeaderCell.h */ = {isa = PBXFileReference; fileEncoding = 4; lastKnownFileType = sourcecode.c.h; name = CRCHTTPHeaderCell.h; path = view/CRCHTTPHeaderCell.h; sourceTree = "<group>"; };
		2C03E34E16CA2E0F00C7608A /* CRCHTTPHeaderCell.m */ = {isa = PBXFileReference; fileEncoding = 4; lastKnownFileType = sourcecode.c.objc; name = CRCHTTPHeaderCell.m; path = view/CRCHTTPHeaderCell.m; sourceTree = "<group>"; };
		2C954AF816B9799D00C8D54B /* NSData+gzip.h */ = {isa = PBXFileReference; fileEncoding = 4; lastKnownFileType = sourcecode.c.h; name = "NSData+gzip.h"; path = "request/NSData+gzip.h"; sourceTree = "<group>"; };
		2C954AF916B9799D00C8D54B /* NSData+gzip.m */ = {isa = PBXFileReference; fileEncoding = 4; lastKnownFileType = sourcecode.c.objc; name = "NSData+gzip.m"; path = "request/NSData+gzip.m"; sourceTree = "<group>"; };
		2C954AFC16B97A3200C8D54B /* libz.dylib */ = {isa = PBXFileReference; lastKnownFileType = "compiled.mach-o.dylib"; name = libz.dylib; path = Platforms/MacOSX.platform/Developer/SDKs/MacOSX10.8.sdk/usr/lib/libz.dylib; sourceTree = DEVELOPER_DIR; };
		510FDE3017036FDC0024972E /* MessagePack.h */ = {isa = PBXFileReference; fileEncoding = 4; lastKnownFileType = sourcecode.c.h; path = MessagePack.h; sourceTree = "<group>"; };
		510FDE3117036FDC0024972E /* MessagePackPacker.h */ = {isa = PBXFileReference; fileEncoding = 4; lastKnownFileType = sourcecode.c.h; path = MessagePackPacker.h; sourceTree = "<group>"; };
		510FDE3217036FDC0024972E /* MessagePackPacker.m */ = {isa = PBXFileReference; fileEncoding = 4; lastKnownFileType = sourcecode.c.objc; path = MessagePackPacker.m; sourceTree = "<group>"; };
		510FDE3317036FDC0024972E /* MessagePackParser+Streaming.h */ = {isa = PBXFileReference; fileEncoding = 4; lastKnownFileType = sourcecode.c.h; path = "MessagePackParser+Streaming.h"; sourceTree = "<group>"; };
		510FDE3417036FDC0024972E /* MessagePackParser+Streaming.m */ = {isa = PBXFileReference; fileEncoding = 4; lastKnownFileType = sourcecode.c.objc; path = "MessagePackParser+Streaming.m"; sourceTree = "<group>"; };
		510FDE3517036FDC0024972E /* MessagePackParser.h */ = {isa = PBXFileReference; fileEncoding = 4; lastKnownFileType = sourcecode.c.h; path = MessagePackParser.h; sourceTree = "<group>"; };
		510FDE3617036FDC0024972E /* MessagePackParser.m */ = {isa = PBXFileReference; fileEncoding = 4; lastKnownFileType = sourcecode.c.objc; path = MessagePackParser.m; sourceTree = "<group>"; };
		510FDE3917036FDC0024972E /* object.h */ = {isa = PBXFileReference; fileEncoding = 4; lastKnownFileType = sourcecode.c.h; path = object.h; sourceTree = "<group>"; };
		510FDE3A17036FDC0024972E /* pack.h */ = {isa = PBXFileReference; fileEncoding = 4; lastKnownFileType = sourcecode.c.h; path = pack.h; sourceTree = "<group>"; };
		510FDE3B17036FDC0024972E /* pack_define.h */ = {isa = PBXFileReference; fileEncoding = 4; lastKnownFileType = sourcecode.c.h; path = pack_define.h; sourceTree = "<group>"; };
		510FDE3C17036FDC0024972E /* pack_template.h */ = {isa = PBXFileReference; fileEncoding = 4; lastKnownFileType = sourcecode.c.h; path = pack_template.h; sourceTree = "<group>"; };
		510FDE3D17036FDC0024972E /* sbuffer.h */ = {isa = PBXFileReference; fileEncoding = 4; lastKnownFileType = sourcecode.c.h; path = sbuffer.h; sourceTree = "<group>"; };
		510FDE3E17036FDC0024972E /* sysdep.h */ = {isa = PBXFileReference; fileEncoding = 4; lastKnownFileType = sourcecode.c.h; path = sysdep.h; sourceTree = "<group>"; };
		510FDE3F17036FDC0024972E /* unpack.h */ = {isa = PBXFileReference; fileEncoding = 4; lastKnownFileType = sourcecode.c.h; path = unpack.h; sourceTree = "<group>"; };
		510FDE4017036FDC0024972E /* unpack_define.h */ = {isa = PBXFileReference; fileEncoding = 4; lastKnownFileType = sourcecode.c.h; path = unpack_define.h; sourceTree = "<group>"; };
		510FDE4117036FDC0024972E /* unpack_template.h */ = {isa = PBXFileReference; fileEncoding = 4; lastKnownFileType = sourcecode.c.h; path = unpack_template.h; sourceTree = "<group>"; };
		510FDE4217036FDC0024972E /* version.h */ = {isa = PBXFileReference; fileEncoding = 4; lastKnownFileType = sourcecode.c.h; path = version.h; sourceTree = "<group>"; };
		510FDE4317036FDC0024972E /* vrefbuffer.h */ = {isa = PBXFileReference; fileEncoding = 4; lastKnownFileType = sourcecode.c.h; path = vrefbuffer.h; sourceTree = "<group>"; };
		510FDE4417036FDC0024972E /* zbuffer.h */ = {isa = PBXFileReference; fileEncoding = 4; lastKnownFileType = sourcecode.c.h; path = zbuffer.h; sourceTree = "<group>"; };
		510FDE4517036FDC0024972E /* zone.h */ = {isa = PBXFileReference; fileEncoding = 4; lastKnownFileType = sourcecode.c.h; path = zone.h; sourceTree = "<group>"; };
		510FDE4617036FDC0024972E /* msgpack.h */ = {isa = PBXFileReference; fileEncoding = 4; lastKnownFileType = sourcecode.c.h; path = msgpack.h; sourceTree = "<group>"; };
		510FDE4717036FDC0024972E /* objectc.c */ = {isa = PBXFileReference; fileEncoding = 4; lastKnownFileType = sourcecode.c.c; path = objectc.c; sourceTree = "<group>"; };
		510FDE4817036FDC0024972E /* unpack.c */ = {isa = PBXFileReference; fileEncoding = 4; lastKnownFileType = sourcecode.c.c; path = unpack.c; sourceTree = "<group>"; };
		510FDE4917036FDC0024972E /* version.c */ = {isa = PBXFileReference; fileEncoding = 4; lastKnownFileType = sourcecode.c.c; path = version.c; sourceTree = "<group>"; };
		510FDE4A17036FDC0024972E /* vrefbuffer.c */ = {isa = PBXFileReference; fileEncoding = 4; lastKnownFileType = sourcecode.c.c; path = vrefbuffer.c; sourceTree = "<group>"; };
		510FDE4B17036FDC0024972E /* zone.c */ = {isa = PBXFileReference; fileEncoding = 4; lastKnownFileType = sourcecode.c.c; path = zone.c; sourceTree = "<group>"; };
		510FDE4C17036FDC0024972E /* NSArray+MessagePack.h */ = {isa = PBXFileReference; fileEncoding = 4; lastKnownFileType = sourcecode.c.h; path = "NSArray+MessagePack.h"; sourceTree = "<group>"; };
		510FDE4D17036FDC0024972E /* NSArray+MessagePack.m */ = {isa = PBXFileReference; fileEncoding = 4; lastKnownFileType = sourcecode.c.objc; path = "NSArray+MessagePack.m"; sourceTree = "<group>"; };
		510FDE4E17036FDC0024972E /* NSData+MessagePack.h */ = {isa = PBXFileReference; fileEncoding = 4; lastKnownFileType = sourcecode.c.h; path = "NSData+MessagePack.h"; sourceTree = "<group>"; };
		510FDE4F17036FDC0024972E /* NSData+MessagePack.m */ = {isa = PBXFileReference; fileEncoding = 4; lastKnownFileType = sourcecode.c.objc; path = "NSData+MessagePack.m"; sourceTree = "<group>"; };
		510FDE5017036FDC0024972E /* NSDictionary+MessagePack.h */ = {isa = PBXFileReference; fileEncoding = 4; lastKnownFileType = sourcecode.c.h; path = "NSDictionary+MessagePack.h"; sourceTree = "<group>"; };
		510FDE5117036FDC0024972E /* NSDictionary+MessagePack.m */ = {isa = PBXFileReference; fileEncoding = 4; lastKnownFileType = sourcecode.c.objc; path = "NSDictionary+MessagePack.m"; sourceTree = "<group>"; };
		510FDE5217036FDC0024972E /* readme.md */ = {isa = PBXFileReference; fileEncoding = 4; lastKnownFileType = text; path = readme.md; sourceTree = "<group>"; };
		5704EE69155B533200C55656 /* libicucore.dylib */ = {isa = PBXFileReference; lastKnownFileType = "compiled.mach-o.dylib"; name = libicucore.dylib; path = usr/lib/libicucore.dylib; sourceTree = SDKROOT; };
		5704EE6B155B540900C55656 /* MGSFragaria.framework */ = {isa = PBXFileReference; lastKnownFileType = wrapper.framework; path = MGSFragaria.framework; sourceTree = "<group>"; };
		5704EE83155B9C4200C55656 /* HighlightedTextView.h */ = {isa = PBXFileReference; fileEncoding = 4; lastKnownFileType = sourcecode.c.h; name = HighlightedTextView.h; path = view/HighlightedTextView.h; sourceTree = "<group>"; };
		5704EE84155B9C4200C55656 /* HighlightedTextView.m */ = {isa = PBXFileReference; fileEncoding = 4; lastKnownFileType = sourcecode.c.objc; name = HighlightedTextView.m; path = view/HighlightedTextView.m; sourceTree = "<group>"; };
		5704EECF155C7BF400C55656 /* WebKit.framework */ = {isa = PBXFileReference; lastKnownFileType = wrapper.framework; name = WebKit.framework; path = System/Library/Frameworks/WebKit.framework; sourceTree = SDKROOT; };
		8D1107310486CEB800E47090 /* CocoaRestClient-Info.plist */ = {isa = PBXFileReference; fileEncoding = 4; lastKnownFileType = text.plist.xml; path = "CocoaRestClient-Info.plist"; sourceTree = "<group>"; };
		8D1107320486CEB800E47090 /* CocoaRestClient.app */ = {isa = PBXFileReference; explicitFileType = wrapper.application; includeInIndex = 0; path = CocoaRestClient.app; sourceTree = BUILT_PRODUCTS_DIR; };
		AF074F4B10F595AF00EE44D8 /* JSON.h */ = {isa = PBXFileReference; fileEncoding = 4; lastKnownFileType = sourcecode.c.h; name = JSON.h; path = JSON/JSON.h; sourceTree = "<group>"; };
		AF074F4C10F595AF00EE44D8 /* NSObject+SBJSON.h */ = {isa = PBXFileReference; fileEncoding = 4; lastKnownFileType = sourcecode.c.h; name = "NSObject+SBJSON.h"; path = "JSON/NSObject+SBJSON.h"; sourceTree = "<group>"; };
		AF074F4D10F595AF00EE44D8 /* NSObject+SBJSON.m */ = {isa = PBXFileReference; fileEncoding = 4; lastKnownFileType = sourcecode.c.objc; name = "NSObject+SBJSON.m"; path = "JSON/NSObject+SBJSON.m"; sourceTree = "<group>"; };
		AF074F4E10F595AF00EE44D8 /* NSString+SBJSON.h */ = {isa = PBXFileReference; fileEncoding = 4; lastKnownFileType = sourcecode.c.h; name = "NSString+SBJSON.h"; path = "JSON/NSString+SBJSON.h"; sourceTree = "<group>"; };
		AF074F4F10F595AF00EE44D8 /* NSString+SBJSON.m */ = {isa = PBXFileReference; fileEncoding = 4; lastKnownFileType = sourcecode.c.objc; name = "NSString+SBJSON.m"; path = "JSON/NSString+SBJSON.m"; sourceTree = "<group>"; };
		AF074F5010F595AF00EE44D8 /* SBJSON.h */ = {isa = PBXFileReference; fileEncoding = 4; lastKnownFileType = sourcecode.c.h; name = SBJSON.h; path = JSON/SBJSON.h; sourceTree = "<group>"; };
		AF074F5110F595AF00EE44D8 /* SBJSON.m */ = {isa = PBXFileReference; fileEncoding = 4; lastKnownFileType = sourcecode.c.objc; name = SBJSON.m; path = JSON/SBJSON.m; sourceTree = "<group>"; };
		AF074F5210F595AF00EE44D8 /* SBJsonBase.h */ = {isa = PBXFileReference; fileEncoding = 4; lastKnownFileType = sourcecode.c.h; name = SBJsonBase.h; path = JSON/SBJsonBase.h; sourceTree = "<group>"; };
		AF074F5310F595AF00EE44D8 /* SBJsonBase.m */ = {isa = PBXFileReference; fileEncoding = 4; lastKnownFileType = sourcecode.c.objc; name = SBJsonBase.m; path = JSON/SBJsonBase.m; sourceTree = "<group>"; };
		AF074F5410F595AF00EE44D8 /* SBJsonParser.h */ = {isa = PBXFileReference; fileEncoding = 4; lastKnownFileType = sourcecode.c.h; name = SBJsonParser.h; path = JSON/SBJsonParser.h; sourceTree = "<group>"; };
		AF074F5510F595AF00EE44D8 /* SBJsonParser.m */ = {isa = PBXFileReference; fileEncoding = 4; lastKnownFileType = sourcecode.c.objc; name = SBJsonParser.m; path = JSON/SBJsonParser.m; sourceTree = "<group>"; };
		AF074F5610F595AF00EE44D8 /* SBJsonWriter.h */ = {isa = PBXFileReference; fileEncoding = 4; lastKnownFileType = sourcecode.c.h; name = SBJsonWriter.h; path = JSON/SBJsonWriter.h; sourceTree = "<group>"; };
		AF074F5710F595AF00EE44D8 /* SBJsonWriter.m */ = {isa = PBXFileReference; fileEncoding = 4; lastKnownFileType = sourcecode.c.objc; name = SBJsonWriter.m; path = JSON/SBJsonWriter.m; sourceTree = "<group>"; };
		AF2D9EFF145F908100B8220F /* Security.framework */ = {isa = PBXFileReference; lastKnownFileType = wrapper.framework; name = Security.framework; path = SDKs/MacOSX10.6.sdk/System/Library/Frameworks/Security.framework; sourceTree = DEVELOPER_DIR; };
		AF7A149A113B583A00F0D6F5 /* cocoaRestClient.icns */ = {isa = PBXFileReference; lastKnownFileType = image.icns; name = cocoaRestClient.icns; path = English.lproj/cocoaRestClient.icns; sourceTree = "<group>"; };
		AF895874156088610079B379 /* QuartzCore.framework */ = {isa = PBXFileReference; lastKnownFileType = wrapper.framework; name = QuartzCore.framework; path = System/Library/Frameworks/QuartzCore.framework; sourceTree = SDKROOT; };
		AF90070316AC43A80012C758 /* CocoaRestClientAppDelegate.h */ = {isa = PBXFileReference; fileEncoding = 4; lastKnownFileType = sourcecode.c.h; name = CocoaRestClientAppDelegate.h; path = core/CocoaRestClientAppDelegate.h; sourceTree = "<group>"; };
		AF90070416AC43A80012C758 /* CocoaRestClientAppDelegate.m */ = {isa = PBXFileReference; fileEncoding = 4; lastKnownFileType = sourcecode.c.objc; name = CocoaRestClientAppDelegate.m; path = core/CocoaRestClientAppDelegate.m; sourceTree = "<group>"; };
		AFA11AB415CEDA3600831738 /* English */ = {isa = PBXFileReference; lastKnownFileType = file.xib; name = English; path = English.lproj/Welcome.xib; sourceTree = "<group>"; };
		AFA11AB615CEDAE300831738 /* WelcomeController.h */ = {isa = PBXFileReference; fileEncoding = 4; lastKnownFileType = sourcecode.c.h; name = WelcomeController.h; path = core/WelcomeController.h; sourceTree = "<group>"; };
		AFA11AB715CEDAE300831738 /* WelcomeController.m */ = {isa = PBXFileReference; fileEncoding = 4; lastKnownFileType = sourcecode.c.objc; name = WelcomeController.m; path = core/WelcomeController.m; sourceTree = "<group>"; };
		AFA11ACC15CF036300831738 /* motd.txt */ = {isa = PBXFileReference; fileEncoding = 4; lastKnownFileType = text; name = motd.txt; path = English.lproj/motd.txt; sourceTree = "<group>"; };
		AFBB7D4514F9587A00424C12 /* TabbingTableView.h */ = {isa = PBXFileReference; fileEncoding = 4; lastKnownFileType = sourcecode.c.h; name = TabbingTableView.h; path = view/TabbingTableView.h; sourceTree = "<group>"; };
		AFBB7D4614F9587A00424C12 /* TabbingTableView.m */ = {isa = PBXFileReference; fileEncoding = 4; lastKnownFileType = sourcecode.c.objc; name = TabbingTableView.m; path = view/TabbingTableView.m; sourceTree = "<group>"; };
		AFBB7D4A14F98B4000424C12 /* English */ = {isa = PBXFileReference; lastKnownFileType = file.xib; name = English; path = English.lproj/Preferences.xib; sourceTree = "<group>"; };
		AFBB7D4C14F98C1B00424C12 /* PreferencesController.h */ = {isa = PBXFileReference; fileEncoding = 4; lastKnownFileType = sourcecode.c.h; name = PreferencesController.h; path = core/PreferencesController.h; sourceTree = "<group>"; };
		AFBB7D4D14F98C1B00424C12 /* PreferencesController.m */ = {isa = PBXFileReference; fileEncoding = 4; lastKnownFileType = sourcecode.c.objc; name = PreferencesController.m; path = core/PreferencesController.m; sourceTree = "<group>"; };
		AFBF08BC14C1E9BB000E7411 /* ExportRequests.xib */ = {isa = PBXFileReference; fileEncoding = 4; lastKnownFileType = file.xib; name = ExportRequests.xib; path = English.lproj/ExportRequests.xib; sourceTree = "<group>"; };
		AFBF08C314C32D30000E7411 /* ExportRequestsController.h */ = {isa = PBXFileReference; fileEncoding = 4; lastKnownFileType = sourcecode.c.h; name = ExportRequestsController.h; path = core/ExportRequestsController.h; sourceTree = "<group>"; };
		AFBF08C414C32D30000E7411 /* ExportRequestsController.m */ = {isa = PBXFileReference; fileEncoding = 4; lastKnownFileType = sourcecode.c.objc; name = ExportRequestsController.m; path = core/ExportRequestsController.m; sourceTree = "<group>"; };
		AFBF08E014C4D7EE000E7411 /* CRCDrawerView.h */ = {isa = PBXFileReference; fileEncoding = 4; lastKnownFileType = sourcecode.c.h; name = CRCDrawerView.h; path = view/CRCDrawerView.h; sourceTree = "<group>"; };
		AFBF08E114C4D7EE000E7411 /* CRCDrawerView.m */ = {isa = PBXFileReference; fileEncoding = 4; lastKnownFileType = sourcecode.c.objc; name = CRCDrawerView.m; path = view/CRCDrawerView.m; sourceTree = "<group>"; };
		AFCE79521419B47900E22468 /* Sparkle.framework */ = {isa = PBXFileReference; lastKnownFileType = wrapper.framework; path = Sparkle.framework; sourceTree = "<group>"; };
		AFCE79561419B54600E22468 /* dsa_pub.pem */ = {isa = PBXFileReference; fileEncoding = 4; lastKnownFileType = text; name = dsa_pub.pem; path = English.lproj/dsa_pub.pem; sourceTree = "<group>"; };
		AFE1837612E394E5001B1B29 /* LICENSE.txt */ = {isa = PBXFileReference; fileEncoding = 4; lastKnownFileType = text; path = LICENSE.txt; sourceTree = "<group>"; };
		D714A01B11E8BF7700F5A80B /* CRCFormEncodedRequest.h */ = {isa = PBXFileReference; fileEncoding = 4; lastKnownFileType = sourcecode.c.h; name = CRCFormEncodedRequest.h; path = request/CRCFormEncodedRequest.h; sourceTree = "<group>"; };
		D714A01C11E8BF7700F5A80B /* CRCFormEncodedRequest.m */ = {isa = PBXFileReference; fileEncoding = 4; lastKnownFileType = sourcecode.c.objc; name = CRCFormEncodedRequest.m; path = request/CRCFormEncodedRequest.m; sourceTree = "<group>"; };
		D714A01E11E8C0F400F5A80B /* CRCRawRequest.h */ = {isa = PBXFileReference; fileEncoding = 4; lastKnownFileType = sourcecode.c.h; name = CRCRawRequest.h; path = request/CRCRawRequest.h; sourceTree = "<group>"; };
		D714A01F11E8C0F400F5A80B /* CRCRawRequest.m */ = {isa = PBXFileReference; fileEncoding = 4; lastKnownFileType = sourcecode.c.objc; name = CRCRawRequest.m; path = request/CRCRawRequest.m; sourceTree = "<group>"; };
		D714A02F11E8F61D00F5A80B /* CRCFileRequest.h */ = {isa = PBXFileReference; fileEncoding = 4; lastKnownFileType = sourcecode.c.h; name = CRCFileRequest.h; path = request/CRCFileRequest.h; sourceTree = "<group>"; };
		D714A03011E8F61D00F5A80B /* CRCFileRequest.m */ = {isa = PBXFileReference; fileEncoding = 4; lastKnownFileType = sourcecode.c.objc; name = CRCFileRequest.m; path = request/CRCFileRequest.m; sourceTree = "<group>"; };
		D714A0A011E901FB00F5A80B /* CRCRequest.h */ = {isa = PBXFileReference; fileEncoding = 4; lastKnownFileType = sourcecode.c.h; name = CRCRequest.h; path = request/CRCRequest.h; sourceTree = "<group>"; };
		D714A0A111E901FB00F5A80B /* CRCRequest.m */ = {isa = PBXFileReference; fileEncoding = 4; lastKnownFileType = sourcecode.c.objc; name = CRCRequest.m; path = request/CRCRequest.m; sourceTree = "<group>"; };
		D7AC588511E60DDA00D67635 /* CRCMultipartRequest.h */ = {isa = PBXFileReference; fileEncoding = 4; lastKnownFileType = sourcecode.c.h; name = CRCMultipartRequest.h; path = request/CRCMultipartRequest.h; sourceTree = "<group>"; };
		D7AC588611E60DDA00D67635 /* CRCMultipartRequest.m */ = {isa = PBXFileReference; fileEncoding = 4; lastKnownFileType = sourcecode.c.objc; name = CRCMultipartRequest.m; path = request/CRCMultipartRequest.m; sourceTree = "<group>"; };
		D7D998B211EAA29B005B8811 /* CRCTopView.h */ = {isa = PBXFileReference; fileEncoding = 4; lastKnownFileType = sourcecode.c.h; name = CRCTopView.h; path = view/CRCTopView.h; sourceTree = "<group>"; };
		D7D998B311EAA29B005B8811 /* CRCTopView.m */ = {isa = PBXFileReference; fileEncoding = 4; lastKnownFileType = sourcecode.c.objc; name = CRCTopView.m; path = view/CRCTopView.m; sourceTree = "<group>"; };
		D7D998B511EAA2B2005B8811 /* background-header.png */ = {isa = PBXFileReference; lastKnownFileType = image.png; name = "background-header.png"; path = "English.lproj/background-header.png"; sourceTree = "<group>"; };
/* End PBXFileReference section */

/* Begin PBXFrameworksBuildPhase section */
		8D11072E0486CEB800E47090 /* Frameworks */ = {
			isa = PBXFrameworksBuildPhase;
			buildActionMask = 2147483647;
			files = (
				2C954AFD16B97A3200C8D54B /* libz.dylib in Frameworks */,
				AF89587615608E9D0079B379 /* QuartzCore.framework in Frameworks */,
				5704EED0155C7BF400C55656 /* WebKit.framework in Frameworks */,
				5704EE6A155B533200C55656 /* libicucore.dylib in Frameworks */,
				8D11072F0486CEB800E47090 /* Cocoa.framework in Frameworks */,
				AFCE79531419B47900E22468 /* Sparkle.framework in Frameworks */,
				5704EE6C155B540900C55656 /* MGSFragaria.framework in Frameworks */,
			);
			runOnlyForDeploymentPostprocessing = 0;
		};
/* End PBXFrameworksBuildPhase section */

/* Begin PBXGroup section */
		080E96DDFE201D6D7F000001 /* Classes */ = {
			isa = PBXGroup;
			children = (
				510FDE2F17036FDC0024972E /* MsgPack */,
				AF1A1B9816A1DF1E00915644 /* core */,
				AFBB7D4814F985AB00424C12 /* view */,
				AFBB7D4314F939D300424C12 /* JSON */,
				AFBB7D4414F93DE400424C12 /* request */,
			);
			name = Classes;
			sourceTree = "<group>";
		};
		1058C7A0FEA54F0111CA2CBB /* Linked Frameworks */ = {
			isa = PBXGroup;
			children = (
				1058C7A1FEA54F0111CA2CBB /* Cocoa.framework */,
			);
			name = "Linked Frameworks";
			sourceTree = "<group>";
		};
		1058C7A2FEA54F0111CA2CBB /* Other Frameworks */ = {
			isa = PBXGroup;
			children = (
				29B97324FDCFA39411CA2CEA /* AppKit.framework */,
				13E42FB307B3F0F600E4EEF1 /* CoreData.framework */,
				29B97325FDCFA39411CA2CEA /* Foundation.framework */,
			);
			name = "Other Frameworks";
			sourceTree = "<group>";
		};
		19C28FACFE9D520D11CA2CBB /* Products */ = {
			isa = PBXGroup;
			children = (
				8D1107320486CEB800E47090 /* CocoaRestClient.app */,
			);
			name = Products;
			sourceTree = "<group>";
		};
		29B97314FDCFA39411CA2CEA /* CocoaRestClient */ = {
			isa = PBXGroup;
			children = (
				AF895874156088610079B379 /* QuartzCore.framework */,
				5704EECF155C7BF400C55656 /* WebKit.framework */,
				5704EE69155B533200C55656 /* libicucore.dylib */,
				AF2D9EFF145F908100B8220F /* Security.framework */,
				080E96DDFE201D6D7F000001 /* Classes */,
				29B97315FDCFA39411CA2CEA /* Other Sources */,
				29B97317FDCFA39411CA2CEA /* Resources */,
				29B97323FDCFA39411CA2CEA /* Frameworks */,
				19C28FACFE9D520D11CA2CBB /* Products */,
			);
			name = CocoaRestClient;
			sourceTree = "<group>";
		};
		29B97315FDCFA39411CA2CEA /* Other Sources */ = {
			isa = PBXGroup;
			children = (
				256AC3F00F4B6AF500CF3369 /* CocoaRestClient_Prefix.pch */,
				29B97316FDCFA39411CA2CEA /* main.m */,
			);
			name = "Other Sources";
			sourceTree = "<group>";
		};
		29B97317FDCFA39411CA2CEA /* Resources */ = {
			isa = PBXGroup;
			children = (
				AFCE79561419B54600E22468 /* dsa_pub.pem */,
				AFE1837612E394E5001B1B29 /* LICENSE.txt */,
				D7D998B511EAA2B2005B8811 /* background-header.png */,
				AF7A149A113B583A00F0D6F5 /* cocoaRestClient.icns */,
				8D1107310486CEB800E47090 /* CocoaRestClient-Info.plist */,
				089C165CFE840E0CC02AAC07 /* InfoPlist.strings */,
				1DDD58140DA1D0A300B32029 /* MainMenu.xib */,
				AFBF08BC14C1E9BB000E7411 /* ExportRequests.xib */,
				AFBB7D4914F98B4000424C12 /* Preferences.xib */,
				AFA11AB315CEDA3600831738 /* Welcome.xib */,
				AFA11ACC15CF036300831738 /* motd.txt */,
			);
			name = Resources;
			sourceTree = "<group>";
		};
		29B97323FDCFA39411CA2CEA /* Frameworks */ = {
			isa = PBXGroup;
			children = (
				2C954AFC16B97A3200C8D54B /* libz.dylib */,
				5704EE6B155B540900C55656 /* MGSFragaria.framework */,
				AFCE79521419B47900E22468 /* Sparkle.framework */,
				1058C7A0FEA54F0111CA2CBB /* Linked Frameworks */,
				1058C7A2FEA54F0111CA2CBB /* Other Frameworks */,
			);
			name = Frameworks;
			sourceTree = "<group>";
		};
		510FDE2F17036FDC0024972E /* MsgPack */ = {
			isa = PBXGroup;
			children = (
				510FDE3017036FDC0024972E /* MessagePack.h */,
				510FDE3117036FDC0024972E /* MessagePackPacker.h */,
				510FDE3217036FDC0024972E /* MessagePackPacker.m */,
				510FDE3317036FDC0024972E /* MessagePackParser+Streaming.h */,
				510FDE3417036FDC0024972E /* MessagePackParser+Streaming.m */,
				510FDE3517036FDC0024972E /* MessagePackParser.h */,
				510FDE3617036FDC0024972E /* MessagePackParser.m */,
				510FDE3717036FDC0024972E /* msgpack_src */,
				510FDE4C17036FDC0024972E /* NSArray+MessagePack.h */,
				510FDE4D17036FDC0024972E /* NSArray+MessagePack.m */,
				510FDE4E17036FDC0024972E /* NSData+MessagePack.h */,
				510FDE4F17036FDC0024972E /* NSData+MessagePack.m */,
				510FDE5017036FDC0024972E /* NSDictionary+MessagePack.h */,
				510FDE5117036FDC0024972E /* NSDictionary+MessagePack.m */,
				510FDE5217036FDC0024972E /* readme.md */,
			);
			path = MsgPack;
			sourceTree = "<group>";
		};
		510FDE3717036FDC0024972E /* msgpack_src */ = {
			isa = PBXGroup;
			children = (
				510FDE3817036FDC0024972E /* msgpack */,
				510FDE4617036FDC0024972E /* msgpack.h */,
				510FDE4717036FDC0024972E /* objectc.c */,
				510FDE4817036FDC0024972E /* unpack.c */,
				510FDE4917036FDC0024972E /* version.c */,
				510FDE4A17036FDC0024972E /* vrefbuffer.c */,
				510FDE4B17036FDC0024972E /* zone.c */,
			);
			path = msgpack_src;
			sourceTree = "<group>";
		};
		510FDE3817036FDC0024972E /* msgpack */ = {
			isa = PBXGroup;
			children = (
				510FDE3917036FDC0024972E /* object.h */,
				510FDE3A17036FDC0024972E /* pack.h */,
				510FDE3B17036FDC0024972E /* pack_define.h */,
				510FDE3C17036FDC0024972E /* pack_template.h */,
				510FDE3D17036FDC0024972E /* sbuffer.h */,
				510FDE3E17036FDC0024972E /* sysdep.h */,
				510FDE3F17036FDC0024972E /* unpack.h */,
				510FDE4017036FDC0024972E /* unpack_define.h */,
				510FDE4117036FDC0024972E /* unpack_template.h */,
				510FDE4217036FDC0024972E /* version.h */,
				510FDE4317036FDC0024972E /* vrefbuffer.h */,
				510FDE4417036FDC0024972E /* zbuffer.h */,
				510FDE4517036FDC0024972E /* zone.h */,
			);
			path = msgpack;
			sourceTree = "<group>";
		};
		AF1A1B9816A1DF1E00915644 /* core */ = {
			isa = PBXGroup;
			children = (
				AF90070316AC43A80012C758 /* CocoaRestClientAppDelegate.h */,
				AF90070416AC43A80012C758 /* CocoaRestClientAppDelegate.m */,
				AFBB7D4C14F98C1B00424C12 /* PreferencesController.h */,
				AFBB7D4D14F98C1B00424C12 /* PreferencesController.m */,
				256AC3D80F4B6AC300CF3369 /* CheckableRequestWrapper.h */,
				256AC3D90F4B6AC300CF3369 /* CheckableRequestWrapper.m */,
				AFBF08C314C32D30000E7411 /* ExportRequestsController.h */,
				AFBF08C414C32D30000E7411 /* ExportRequestsController.m */,
				AFA11AB615CEDAE300831738 /* WelcomeController.h */,
				AFA11AB715CEDAE300831738 /* WelcomeController.m */,
			);
			name = core;
			sourceTree = "<group>";
		};
		AFBB7D4314F939D300424C12 /* JSON */ = {
			isa = PBXGroup;
			children = (
				AF074F4B10F595AF00EE44D8 /* JSON.h */,
				AF074F4C10F595AF00EE44D8 /* NSObject+SBJSON.h */,
				AF074F4D10F595AF00EE44D8 /* NSObject+SBJSON.m */,
				AF074F4E10F595AF00EE44D8 /* NSString+SBJSON.h */,
				AF074F4F10F595AF00EE44D8 /* NSString+SBJSON.m */,
				AF074F5010F595AF00EE44D8 /* SBJSON.h */,
				AF074F5110F595AF00EE44D8 /* SBJSON.m */,
				AF074F5210F595AF00EE44D8 /* SBJsonBase.h */,
				AF074F5310F595AF00EE44D8 /* SBJsonBase.m */,
				AF074F5410F595AF00EE44D8 /* SBJsonParser.h */,
				AF074F5510F595AF00EE44D8 /* SBJsonParser.m */,
				AF074F5610F595AF00EE44D8 /* SBJsonWriter.h */,
				AF074F5710F595AF00EE44D8 /* SBJsonWriter.m */,
			);
			name = JSON;
			sourceTree = "<group>";
		};
		AFBB7D4414F93DE400424C12 /* request */ = {
			isa = PBXGroup;
			children = (
				D7AC588511E60DDA00D67635 /* CRCMultipartRequest.h */,
				D7AC588611E60DDA00D67635 /* CRCMultipartRequest.m */,
				D714A01B11E8BF7700F5A80B /* CRCFormEncodedRequest.h */,
				D714A01C11E8BF7700F5A80B /* CRCFormEncodedRequest.m */,
				D714A01E11E8C0F400F5A80B /* CRCRawRequest.h */,
				D714A01F11E8C0F400F5A80B /* CRCRawRequest.m */,
				D714A02F11E8F61D00F5A80B /* CRCFileRequest.h */,
				D714A03011E8F61D00F5A80B /* CRCFileRequest.m */,
				D714A0A011E901FB00F5A80B /* CRCRequest.h */,
				D714A0A111E901FB00F5A80B /* CRCRequest.m */,
				2C954AF816B9799D00C8D54B /* NSData+gzip.h */,
				2C954AF916B9799D00C8D54B /* NSData+gzip.m */,
			);
			name = request;
			sourceTree = "<group>";
		};
		AFBB7D4814F985AB00424C12 /* view */ = {
			isa = PBXGroup;
			children = (
				5704EE83155B9C4200C55656 /* HighlightedTextView.h */,
				5704EE84155B9C4200C55656 /* HighlightedTextView.m */,
				AFBB7D4514F9587A00424C12 /* TabbingTableView.h */,
				AFBB7D4614F9587A00424C12 /* TabbingTableView.m */,
				D7D998B211EAA29B005B8811 /* CRCTopView.h */,
				D7D998B311EAA29B005B8811 /* CRCTopView.m */,
				AFBF08E014C4D7EE000E7411 /* CRCDrawerView.h */,
				AFBF08E114C4D7EE000E7411 /* CRCDrawerView.m */,
				2C03E34E16CA2E0F00C7608A /* CRCHTTPHeaderCell.m */,
				2C03E34D16CA2E0F00C7608A /* CRCHTTPHeaderCell.h */,
			);
			name = view;
			sourceTree = "<group>";
		};
/* End PBXGroup section */

/* Begin PBXNativeTarget section */
		8D1107260486CEB800E47090 /* CocoaRestClient */ = {
			isa = PBXNativeTarget;
			buildConfigurationList = C01FCF4A08A954540054247B /* Build configuration list for PBXNativeTarget "CocoaRestClient" */;
			buildPhases = (
				8D1107290486CEB800E47090 /* Resources */,
				8D11072C0486CEB800E47090 /* Sources */,
				8D11072E0486CEB800E47090 /* Frameworks */,
				AFCE79541419B49700E22468 /* CopyFiles */,
			);
			buildRules = (
			);
			dependencies = (
			);
			name = CocoaRestClient;
			productInstallPath = "$(HOME)/Applications";
			productName = CocoaRestClient;
			productReference = 8D1107320486CEB800E47090 /* CocoaRestClient.app */;
			productType = "com.apple.product-type.application";
		};
/* End PBXNativeTarget section */

/* Begin PBXProject section */
		29B97313FDCFA39411CA2CEA /* Project object */ = {
			isa = PBXProject;
			attributes = {
				LastUpgradeCheck = 0460;
			};
			buildConfigurationList = C01FCF4E08A954540054247B /* Build configuration list for PBXProject "CocoaRestClient" */;
			compatibilityVersion = "Xcode 3.2";
			developmentRegion = English;
			hasScannedForEncodings = 1;
			knownRegions = (
				en,
				English,
			);
			mainGroup = 29B97314FDCFA39411CA2CEA /* CocoaRestClient */;
			projectDirPath = "";
			projectRoot = "";
			targets = (
				8D1107260486CEB800E47090 /* CocoaRestClient */,
			);
		};
/* End PBXProject section */

/* Begin PBXResourcesBuildPhase section */
		8D1107290486CEB800E47090 /* Resources */ = {
			isa = PBXResourcesBuildPhase;
			buildActionMask = 2147483647;
			files = (
				8D11072B0486CEB800E47090 /* InfoPlist.strings in Resources */,
				1DDD58160DA1D0A300B32029 /* MainMenu.xib in Resources */,
				AF7A149B113B583A00F0D6F5 /* cocoaRestClient.icns in Resources */,
				D7D998B611EAA2B2005B8811 /* background-header.png in Resources */,
				AFE1837712E394E5001B1B29 /* LICENSE.txt in Resources */,
				AFCE79571419B54600E22468 /* dsa_pub.pem in Resources */,
				AFBF08BD14C1E9BB000E7411 /* ExportRequests.xib in Resources */,
				AFBB7D4B14F98B4000424C12 /* Preferences.xib in Resources */,
				AFA11AB515CEDA3600831738 /* Welcome.xib in Resources */,
				AFA11ACD15CF036300831738 /* motd.txt in Resources */,
				510FDE5E17036FDC0024972E /* readme.md in Resources */,
			);
			runOnlyForDeploymentPostprocessing = 0;
		};
/* End PBXResourcesBuildPhase section */

/* Begin PBXSourcesBuildPhase section */
		8D11072C0486CEB800E47090 /* Sources */ = {
			isa = PBXSourcesBuildPhase;
			buildActionMask = 2147483647;
			files = (
				8D11072D0486CEB800E47090 /* main.m in Sources */,
				AF1FC48410F435BD00ED5A57 /* CheckableRequestWrapper.m in Sources */,
				AF074F5810F595AF00EE44D8 /* NSObject+SBJSON.m in Sources */,
				AF074F5910F595AF00EE44D8 /* NSString+SBJSON.m in Sources */,
				AF074F5A10F595AF00EE44D8 /* SBJSON.m in Sources */,
				AF074F5B10F595AF00EE44D8 /* SBJsonBase.m in Sources */,
				AF074F5C10F595AF00EE44D8 /* SBJsonParser.m in Sources */,
				AF074F5D10F595AF00EE44D8 /* SBJsonWriter.m in Sources */,
				D7AC588711E60DDA00D67635 /* CRCMultipartRequest.m in Sources */,
				D714A01D11E8BF7700F5A80B /* CRCFormEncodedRequest.m in Sources */,
				D714A02011E8C0F400F5A80B /* CRCRawRequest.m in Sources */,
				D714A03111E8F61D00F5A80B /* CRCFileRequest.m in Sources */,
				D714A0A211E901FB00F5A80B /* CRCRequest.m in Sources */,
				D7D998B411EAA29B005B8811 /* CRCTopView.m in Sources */,
				AFBF08C514C32D30000E7411 /* ExportRequestsController.m in Sources */,
				AFBF08E214C4D7EE000E7411 /* CRCDrawerView.m in Sources */,
				AFBB7D4714F9587A00424C12 /* TabbingTableView.m in Sources */,
				AFBB7D4E14F98C1B00424C12 /* PreferencesController.m in Sources */,
				5704EE85155B9C4200C55656 /* HighlightedTextView.m in Sources */,
				AFA11AB815CEDAE300831738 /* WelcomeController.m in Sources */,
				AF90070516AC43A80012C758 /* CocoaRestClientAppDelegate.m in Sources */,
				2C954AFA16B9799D00C8D54B /* NSData+gzip.m in Sources */,
				2C03E34F16CA2E0F00C7608A /* CRCHTTPHeaderCell.m in Sources */,
				510FDE5317036FDC0024972E /* MessagePackPacker.m in Sources */,
				510FDE5417036FDC0024972E /* MessagePackParser+Streaming.m in Sources */,
				510FDE5517036FDC0024972E /* MessagePackParser.m in Sources */,
				510FDE5617036FDC0024972E /* objectc.c in Sources */,
				510FDE5717036FDC0024972E /* unpack.c in Sources */,
				510FDE5817036FDC0024972E /* version.c in Sources */,
				510FDE5917036FDC0024972E /* vrefbuffer.c in Sources */,
				510FDE5A17036FDC0024972E /* zone.c in Sources */,
				510FDE5B17036FDC0024972E /* NSArray+MessagePack.m in Sources */,
				510FDE5C17036FDC0024972E /* NSData+MessagePack.m in Sources */,
				510FDE5D17036FDC0024972E /* NSDictionary+MessagePack.m in Sources */,
			);
			runOnlyForDeploymentPostprocessing = 0;
		};
/* End PBXSourcesBuildPhase section */

/* Begin PBXVariantGroup section */
		089C165CFE840E0CC02AAC07 /* InfoPlist.strings */ = {
			isa = PBXVariantGroup;
			children = (
				089C165DFE840E0CC02AAC07 /* English */,
			);
			name = InfoPlist.strings;
			sourceTree = "<group>";
		};
		1DDD58140DA1D0A300B32029 /* MainMenu.xib */ = {
			isa = PBXVariantGroup;
			children = (
				1DDD58150DA1D0A300B32029 /* English */,
			);
			name = MainMenu.xib;
			sourceTree = "<group>";
		};
		AFA11AB315CEDA3600831738 /* Welcome.xib */ = {
			isa = PBXVariantGroup;
			children = (
				AFA11AB415CEDA3600831738 /* English */,
			);
			name = Welcome.xib;
			sourceTree = "<group>";
		};
		AFBB7D4914F98B4000424C12 /* Preferences.xib */ = {
			isa = PBXVariantGroup;
			children = (
				AFBB7D4A14F98B4000424C12 /* English */,
			);
			name = Preferences.xib;
			sourceTree = "<group>";
		};
/* End PBXVariantGroup section */

/* Begin XCBuildConfiguration section */
		C01FCF4B08A954540054247B /* Debug */ = {
			isa = XCBuildConfiguration;
			buildSettings = {
				ALWAYS_SEARCH_USER_PATHS = NO;
				COMBINE_HIDPI_IMAGES = YES;
				COPY_PHASE_STRIP = NO;
				FRAMEWORK_SEARCH_PATHS = (
					"$(inherited)",
					"\"$(SRCROOT)\"",
				);
				GCC_DYNAMIC_NO_PIC = NO;
				GCC_ENABLE_OBJC_GC = required;
				GCC_MODEL_TUNING = G5;
				GCC_OPTIMIZATION_LEVEL = 0;
				GCC_PRECOMPILE_PREFIX_HEADER = YES;
				GCC_PREFIX_HEADER = core/CocoaRestClient_Prefix.pch;
				GCC_VERSION = "";
				HEADER_SEARCH_PATHS = core;
				INFOPLIST_FILE = "CocoaRestClient-Info.plist";
				INSTALL_PATH = "$(HOME)/Applications";
				PRODUCT_NAME = CocoaRestClient;
				SDKROOT = macosx;
			};
			name = Debug;
		};
		C01FCF4C08A954540054247B /* Release */ = {
			isa = XCBuildConfiguration;
			buildSettings = {
				ALWAYS_SEARCH_USER_PATHS = NO;
				COMBINE_HIDPI_IMAGES = YES;
				DEBUG_INFORMATION_FORMAT = "dwarf-with-dsym";
				FRAMEWORK_SEARCH_PATHS = (
					"$(inherited)",
					"\"$(SRCROOT)\"",
				);
				GCC_ENABLE_OBJC_GC = required;
				GCC_MODEL_TUNING = G5;
				GCC_PRECOMPILE_PREFIX_HEADER = YES;
				GCC_PREFIX_HEADER = core/CocoaRestClient_Prefix.pch;
				GCC_VERSION = "";
				HEADER_SEARCH_PATHS = core;
				INFOPLIST_FILE = "CocoaRestClient-Info.plist";
				INSTALL_PATH = "$(HOME)/Applications";
				PRODUCT_NAME = CocoaRestClient;
				SDKROOT = macosx;
			};
			name = Release;
		};
		C01FCF4F08A954540054247B /* Debug */ = {
			isa = XCBuildConfiguration;
			buildSettings = {
				ARCHS = "$(ARCHS_STANDARD_32_64_BIT)";
				GCC_C_LANGUAGE_STANDARD = gnu99;
				GCC_ENABLE_OBJC_GC = supported;
				GCC_OPTIMIZATION_LEVEL = s;
				GCC_VERSION = "";
				GCC_WARN_ABOUT_RETURN_TYPE = YES;
				GCC_WARN_UNUSED_VARIABLE = YES;
				ONLY_ACTIVE_ARCH = YES;
				OTHER_CFLAGS = "-DDEBUG";
				SDKROOT = macosx;
			};
			name = Debug;
		};
		C01FCF5008A954540054247B /* Release */ = {
			isa = XCBuildConfiguration;
			buildSettings = {
				ARCHS = "$(ARCHS_STANDARD_32_64_BIT)";
				GCC_C_LANGUAGE_STANDARD = gnu99;
				GCC_ENABLE_OBJC_GC = supported;
				GCC_VERSION = "";
				GCC_WARN_ABOUT_RETURN_TYPE = YES;
				GCC_WARN_UNUSED_VARIABLE = YES;
				ONLY_ACTIVE_ARCH = NO;
				SDKROOT = macosx;
			};
			name = Release;
		};
/* End XCBuildConfiguration section */

/* Begin XCConfigurationList section */
		C01FCF4A08A954540054247B /* Build configuration list for PBXNativeTarget "CocoaRestClient" */ = {
			isa = XCConfigurationList;
			buildConfigurations = (
				C01FCF4B08A954540054247B /* Debug */,
				C01FCF4C08A954540054247B /* Release */,
			);
			defaultConfigurationIsVisible = 0;
			defaultConfigurationName = Release;
		};
		C01FCF4E08A954540054247B /* Build configuration list for PBXProject "CocoaRestClient" */ = {
			isa = XCConfigurationList;
			buildConfigurations = (
				C01FCF4F08A954540054247B /* Debug */,
				C01FCF5008A954540054247B /* Release */,
			);
			defaultConfigurationIsVisible = 0;
			defaultConfigurationName = Release;
		};
/* End XCConfigurationList section */
	};
	rootObject = 29B97313FDCFA39411CA2CEA /* Project object */;
}
