// !$*UTF8*$!
{
	archiveVersion = 1;
	classes = {
	};
	objectVersion = 45;
	objects = {

/* Begin PBXBuildFile section */
		1DDD58160DA1D0A300B32029 /* MainMenu.xib in Resources */ = {isa = PBXBuildFile; fileRef = 1DDD58140DA1D0A300B32029 /* MainMenu.xib */; };
		5704EE6A155B533200C55656 /* libicucore.dylib in Frameworks */ = {isa = PBXBuildFile; fileRef = 5704EE69155B533200C55656 /* libicucore.dylib */; };
		5704EE6C155B540900C55656 /* MGSFragaria.framework in Frameworks */ = {isa = PBXBuildFile; fileRef = 5704EE6B155B540900C55656 /* MGSFragaria.framework */; };
		5704EE6D155B563E00C55656 /* MGSFragaria.framework in CopyFiles */ = {isa = PBXBuildFile; fileRef = 5704EE6B155B540900C55656 /* MGSFragaria.framework */; };
		5704EE85155B9C4200C55656 /* HighlightedTextView.m in Sources */ = {isa = PBXBuildFile; fileRef = 5704EE84155B9C4200C55656 /* HighlightedTextView.m */; };
		5704EED0155C7BF400C55656 /* WebKit.framework in Frameworks */ = {isa = PBXBuildFile; fileRef = 5704EECF155C7BF400C55656 /* WebKit.framework */; };
		8D11072B0486CEB800E47090 /* InfoPlist.strings in Resources */ = {isa = PBXBuildFile; fileRef = 089C165CFE840E0CC02AAC07 /* InfoPlist.strings */; };
		8D11072D0486CEB800E47090 /* main.m in Sources */ = {isa = PBXBuildFile; fileRef = 29B97316FDCFA39411CA2CEA /* main.m */; settings = {ATTRIBUTES = (); }; };
		8D11072F0486CEB800E47090 /* Cocoa.framework in Frameworks */ = {isa = PBXBuildFile; fileRef = 1058C7A1FEA54F0111CA2CBB /* Cocoa.framework */; };
		AF074F5810F595AF00EE44D8 /* NSObject+SBJSON.m in Sources */ = {isa = PBXBuildFile; fileRef = AF074F4D10F595AF00EE44D8 /* NSObject+SBJSON.m */; };
		AF074F5910F595AF00EE44D8 /* NSString+SBJSON.m in Sources */ = {isa = PBXBuildFile; fileRef = AF074F4F10F595AF00EE44D8 /* NSString+SBJSON.m */; };
		AF074F5A10F595AF00EE44D8 /* SBJSON.m in Sources */ = {isa = PBXBuildFile; fileRef = AF074F5110F595AF00EE44D8 /* SBJSON.m */; };
		AF074F5B10F595AF00EE44D8 /* SBJsonBase.m in Sources */ = {isa = PBXBuildFile; fileRef = AF074F5310F595AF00EE44D8 /* SBJsonBase.m */; };
		AF074F5C10F595AF00EE44D8 /* SBJsonParser.m in Sources */ = {isa = PBXBuildFile; fileRef = AF074F5510F595AF00EE44D8 /* SBJsonParser.m */; };
		AF074F5D10F595AF00EE44D8 /* SBJsonWriter.m in Sources */ = {isa = PBXBuildFile; fileRef = AF074F5710F595AF00EE44D8 /* SBJsonWriter.m */; };
		AF1FC48410F435BD00ED5A57 /* CocoaRestClientAppDelegate.m in Sources */ = {isa = PBXBuildFile; fileRef = 256AC3D90F4B6AC300CF3369 /* CocoaRestClientAppDelegate.m */; };
		AF7A149B113B583A00F0D6F5 /* cocoaRestClient.icns in Resources */ = {isa = PBXBuildFile; fileRef = AF7A149A113B583A00F0D6F5 /* cocoaRestClient.icns */; };
		AFBB7D4714F9587A00424C12 /* TabbingTableView.m in Sources */ = {isa = PBXBuildFile; fileRef = AFBB7D4614F9587A00424C12 /* TabbingTableView.m */; };
		AFBB7D4B14F98B4000424C12 /* Preferences.xib in Resources */ = {isa = PBXBuildFile; fileRef = AFBB7D4914F98B4000424C12 /* Preferences.xib */; };
		AFBB7D4E14F98C1B00424C12 /* PreferencesController.m in Sources */ = {isa = PBXBuildFile; fileRef = AFBB7D4D14F98C1B00424C12 /* PreferencesController.m */; };
		AFBF08BD14C1E9BB000E7411 /* ExportRequests.xib in Resources */ = {isa = PBXBuildFile; fileRef = AFBF08BC14C1E9BB000E7411 /* ExportRequests.xib */; };
		AFBF08C514C32D30000E7411 /* ExportRequestsController.m in Sources */ = {isa = PBXBuildFile; fileRef = AFBF08C414C32D30000E7411 /* ExportRequestsController.m */; };
		AFBF08CD14C37D3E000E7411 /* CheckableRequestWrapper.m in Sources */ = {isa = PBXBuildFile; fileRef = AFBF08CC14C37D3E000E7411 /* CheckableRequestWrapper.m */; };
		AFBF08E214C4D7EE000E7411 /* CRCDrawerView.m in Sources */ = {isa = PBXBuildFile; fileRef = AFBF08E114C4D7EE000E7411 /* CRCDrawerView.m */; };
		AFCE79531419B47900E22468 /* Sparkle.framework in Frameworks */ = {isa = PBXBuildFile; fileRef = AFCE79521419B47900E22468 /* Sparkle.framework */; };
		AFCE79551419B49F00E22468 /* Sparkle.framework in CopyFiles */ = {isa = PBXBuildFile; fileRef = AFCE79521419B47900E22468 /* Sparkle.framework */; };
		AFCE79571419B54600E22468 /* dsa_pub.pem in Resources */ = {isa = PBXBuildFile; fileRef = AFCE79561419B54600E22468 /* dsa_pub.pem */; };
		AFE1837712E394E5001B1B29 /* LICENSE.txt in Resources */ = {isa = PBXBuildFile; fileRef = AFE1837612E394E5001B1B29 /* LICENSE.txt */; };
		D714A01D11E8BF7700F5A80B /* CRCFormEncodedRequest.m in Sources */ = {isa = PBXBuildFile; fileRef = D714A01C11E8BF7700F5A80B /* CRCFormEncodedRequest.m */; };
		D714A02011E8C0F400F5A80B /* CRCRawRequest.m in Sources */ = {isa = PBXBuildFile; fileRef = D714A01F11E8C0F400F5A80B /* CRCRawRequest.m */; };
		D714A03111E8F61D00F5A80B /* CRCFileRequest.m in Sources */ = {isa = PBXBuildFile; fileRef = D714A03011E8F61D00F5A80B /* CRCFileRequest.m */; };
		D714A0A211E901FB00F5A80B /* CRCRequest.m in Sources */ = {isa = PBXBuildFile; fileRef = D714A0A111E901FB00F5A80B /* CRCRequest.m */; };
		D7AC588711E60DDA00D67635 /* CRCMultipartRequest.m in Sources */ = {isa = PBXBuildFile; fileRef = D7AC588611E60DDA00D67635 /* CRCMultipartRequest.m */; };
		D7D998B411EAA29B005B8811 /* CRCTopView.m in Sources */ = {isa = PBXBuildFile; fileRef = D7D998B311EAA29B005B8811 /* CRCTopView.m */; };
		D7D998B611EAA2B2005B8811 /* background-header.png in Resources */ = {isa = PBXBuildFile; fileRef = D7D998B511EAA2B2005B8811 /* background-header.png */; };
/* End PBXBuildFile section */

/* Begin PBXCopyFilesBuildPhase section */
		AFCE79541419B49700E22468 /* CopyFiles */ = {
			isa = PBXCopyFilesBuildPhase;
			buildActionMask = 2147483647;
			dstPath = "";
			dstSubfolderSpec = 10;
			files = (
				AFCE79551419B49F00E22468 /* Sparkle.framework in CopyFiles */,
				5704EE6D155B563E00C55656 /* MGSFragaria.framework in CopyFiles */,
			);
			runOnlyForDeploymentPostprocessing = 0;
		};
/* End PBXCopyFilesBuildPhase section */

/* Begin PBXFileReference section */
		089C165DFE840E0CC02AAC07 /* English */ = {isa = PBXFileReference; fileEncoding = 4; lastKnownFileType = text.plist.strings; name = English; path = English.lproj/InfoPlist.strings; sourceTree = "<group>"; };
		1058C7A1FEA54F0111CA2CBB /* Cocoa.framework */ = {isa = PBXFileReference; lastKnownFileType = wrapper.framework; name = Cocoa.framework; path = /System/Library/Frameworks/Cocoa.framework; sourceTree = "<absolute>"; };
		13E42FB307B3F0F600E4EEF1 /* CoreData.framework */ = {isa = PBXFileReference; lastKnownFileType = wrapper.framework; name = CoreData.framework; path = /System/Library/Frameworks/CoreData.framework; sourceTree = "<absolute>"; };
		1DDD58150DA1D0A300B32029 /* English */ = {isa = PBXFileReference; lastKnownFileType = file.xib; name = English; path = English.lproj/MainMenu.xib; sourceTree = "<group>"; };
		256AC3D80F4B6AC300CF3369 /* CocoaRestClientAppDelegate.h */ = {isa = PBXFileReference; fileEncoding = 4; lastKnownFileType = sourcecode.c.h; path = CocoaRestClientAppDelegate.h; sourceTree = "<group>"; };
		256AC3D90F4B6AC300CF3369 /* CocoaRestClientAppDelegate.m */ = {isa = PBXFileReference; fileEncoding = 4; lastKnownFileType = sourcecode.c.objc; path = CocoaRestClientAppDelegate.m; sourceTree = "<group>"; };
		256AC3F00F4B6AF500CF3369 /* CocoaRestClient_Prefix.pch */ = {isa = PBXFileReference; fileEncoding = 4; lastKnownFileType = sourcecode.c.h; path = CocoaRestClient_Prefix.pch; sourceTree = "<group>"; };
		29B97316FDCFA39411CA2CEA /* main.m */ = {isa = PBXFileReference; fileEncoding = 4; lastKnownFileType = sourcecode.c.objc; path = main.m; sourceTree = "<group>"; };
		29B97324FDCFA39411CA2CEA /* AppKit.framework */ = {isa = PBXFileReference; lastKnownFileType = wrapper.framework; name = AppKit.framework; path = /System/Library/Frameworks/AppKit.framework; sourceTree = "<absolute>"; };
		29B97325FDCFA39411CA2CEA /* Foundation.framework */ = {isa = PBXFileReference; lastKnownFileType = wrapper.framework; name = Foundation.framework; path = /System/Library/Frameworks/Foundation.framework; sourceTree = "<absolute>"; };
		5704EE69155B533200C55656 /* libicucore.dylib */ = {isa = PBXFileReference; lastKnownFileType = "compiled.mach-o.dylib"; name = libicucore.dylib; path = usr/lib/libicucore.dylib; sourceTree = SDKROOT; };
		5704EE6B155B540900C55656 /* MGSFragaria.framework */ = {isa = PBXFileReference; lastKnownFileType = wrapper.framework; path = MGSFragaria.framework; sourceTree = "<group>"; };
		5704EE83155B9C4200C55656 /* HighlightedTextView.h */ = {isa = PBXFileReference; fileEncoding = 4; lastKnownFileType = sourcecode.c.h; path = HighlightedTextView.h; sourceTree = "<group>"; };
		5704EE84155B9C4200C55656 /* HighlightedTextView.m */ = {isa = PBXFileReference; fileEncoding = 4; lastKnownFileType = sourcecode.c.objc; path = HighlightedTextView.m; sourceTree = "<group>"; };
		5704EECF155C7BF400C55656 /* WebKit.framework */ = {isa = PBXFileReference; lastKnownFileType = wrapper.framework; name = WebKit.framework; path = System/Library/Frameworks/WebKit.framework; sourceTree = SDKROOT; };
		8D1107310486CEB800E47090 /* CocoaRestClient-Info.plist */ = {isa = PBXFileReference; fileEncoding = 4; lastKnownFileType = text.plist.xml; path = "CocoaRestClient-Info.plist"; sourceTree = "<group>"; };
		8D1107320486CEB800E47090 /* CocoaRestClient.app */ = {isa = PBXFileReference; explicitFileType = wrapper.application; includeInIndex = 0; path = CocoaRestClient.app; sourceTree = BUILT_PRODUCTS_DIR; };
		AF074F4B10F595AF00EE44D8 /* JSON.h */ = {isa = PBXFileReference; fileEncoding = 4; lastKnownFileType = sourcecode.c.h; name = JSON.h; path = JSON/JSON.h; sourceTree = "<group>"; };
		AF074F4C10F595AF00EE44D8 /* NSObject+SBJSON.h */ = {isa = PBXFileReference; fileEncoding = 4; lastKnownFileType = sourcecode.c.h; name = "NSObject+SBJSON.h"; path = "JSON/NSObject+SBJSON.h"; sourceTree = "<group>"; };
		AF074F4D10F595AF00EE44D8 /* NSObject+SBJSON.m */ = {isa = PBXFileReference; fileEncoding = 4; lastKnownFileType = sourcecode.c.objc; name = "NSObject+SBJSON.m"; path = "JSON/NSObject+SBJSON.m"; sourceTree = "<group>"; };
		AF074F4E10F595AF00EE44D8 /* NSString+SBJSON.h */ = {isa = PBXFileReference; fileEncoding = 4; lastKnownFileType = sourcecode.c.h; name = "NSString+SBJSON.h"; path = "JSON/NSString+SBJSON.h"; sourceTree = "<group>"; };
		AF074F4F10F595AF00EE44D8 /* NSString+SBJSON.m */ = {isa = PBXFileReference; fileEncoding = 4; lastKnownFileType = sourcecode.c.objc; name = "NSString+SBJSON.m"; path = "JSON/NSString+SBJSON.m"; sourceTree = "<group>"; };
		AF074F5010F595AF00EE44D8 /* SBJSON.h */ = {isa = PBXFileReference; fileEncoding = 4; lastKnownFileType = sourcecode.c.h; name = SBJSON.h; path = JSON/SBJSON.h; sourceTree = "<group>"; };
		AF074F5110F595AF00EE44D8 /* SBJSON.m */ = {isa = PBXFileReference; fileEncoding = 4; lastKnownFileType = sourcecode.c.objc; name = SBJSON.m; path = JSON/SBJSON.m; sourceTree = "<group>"; };
		AF074F5210F595AF00EE44D8 /* SBJsonBase.h */ = {isa = PBXFileReference; fileEncoding = 4; lastKnownFileType = sourcecode.c.h; name = SBJsonBase.h; path = JSON/SBJsonBase.h; sourceTree = "<group>"; };
		AF074F5310F595AF00EE44D8 /* SBJsonBase.m */ = {isa = PBXFileReference; fileEncoding = 4; lastKnownFileType = sourcecode.c.objc; name = SBJsonBase.m; path = JSON/SBJsonBase.m; sourceTree = "<group>"; };
		AF074F5410F595AF00EE44D8 /* SBJsonParser.h */ = {isa = PBXFileReference; fileEncoding = 4; lastKnownFileType = sourcecode.c.h; name = SBJsonParser.h; path = JSON/SBJsonParser.h; sourceTree = "<group>"; };
		AF074F5510F595AF00EE44D8 /* SBJsonParser.m */ = {isa = PBXFileReference; fileEncoding = 4; lastKnownFileType = sourcecode.c.objc; name = SBJsonParser.m; path = JSON/SBJsonParser.m; sourceTree = "<group>"; };
		AF074F5610F595AF00EE44D8 /* SBJsonWriter.h */ = {isa = PBXFileReference; fileEncoding = 4; lastKnownFileType = sourcecode.c.h; name = SBJsonWriter.h; path = JSON/SBJsonWriter.h; sourceTree = "<group>"; };
		AF074F5710F595AF00EE44D8 /* SBJsonWriter.m */ = {isa = PBXFileReference; fileEncoding = 4; lastKnownFileType = sourcecode.c.objc; name = SBJsonWriter.m; path = JSON/SBJsonWriter.m; sourceTree = "<group>"; };
		AF2D9EFF145F908100B8220F /* Security.framework */ = {isa = PBXFileReference; lastKnownFileType = wrapper.framework; name = Security.framework; path = SDKs/MacOSX10.6.sdk/System/Library/Frameworks/Security.framework; sourceTree = DEVELOPER_DIR; };
		AF7A149A113B583A00F0D6F5 /* cocoaRestClient.icns */ = {isa = PBXFileReference; lastKnownFileType = image.icns; path = cocoaRestClient.icns; sourceTree = "<group>"; };
		AFBB7D4514F9587A00424C12 /* TabbingTableView.h */ = {isa = PBXFileReference; fileEncoding = 4; lastKnownFileType = sourcecode.c.h; name = TabbingTableView.h; path = view/TabbingTableView.h; sourceTree = "<group>"; };
		AFBB7D4614F9587A00424C12 /* TabbingTableView.m */ = {isa = PBXFileReference; fileEncoding = 4; lastKnownFileType = sourcecode.c.objc; name = TabbingTableView.m; path = view/TabbingTableView.m; sourceTree = "<group>"; };
		AFBB7D4A14F98B4000424C12 /* English */ = {isa = PBXFileReference; lastKnownFileType = file.xib; name = English; path = English.lproj/Preferences.xib; sourceTree = "<group>"; };
		AFBB7D4C14F98C1B00424C12 /* PreferencesController.h */ = {isa = PBXFileReference; fileEncoding = 4; lastKnownFileType = sourcecode.c.h; path = PreferencesController.h; sourceTree = "<group>"; };
		AFBB7D4D14F98C1B00424C12 /* PreferencesController.m */ = {isa = PBXFileReference; fileEncoding = 4; lastKnownFileType = sourcecode.c.objc; path = PreferencesController.m; sourceTree = "<group>"; };
		AFBF08BC14C1E9BB000E7411 /* ExportRequests.xib */ = {isa = PBXFileReference; fileEncoding = 4; lastKnownFileType = file.xib; name = ExportRequests.xib; path = English.lproj/ExportRequests.xib; sourceTree = "<group>"; };
		AFBF08C314C32D30000E7411 /* ExportRequestsController.h */ = {isa = PBXFileReference; fileEncoding = 4; lastKnownFileType = sourcecode.c.h; path = ExportRequestsController.h; sourceTree = "<group>"; };
		AFBF08C414C32D30000E7411 /* ExportRequestsController.m */ = {isa = PBXFileReference; fileEncoding = 4; lastKnownFileType = sourcecode.c.objc; path = ExportRequestsController.m; sourceTree = "<group>"; };
		AFBF08CB14C37D3E000E7411 /* CheckableRequestWrapper.h */ = {isa = PBXFileReference; fileEncoding = 4; lastKnownFileType = sourcecode.c.h; path = CheckableRequestWrapper.h; sourceTree = "<group>"; };
		AFBF08CC14C37D3E000E7411 /* CheckableRequestWrapper.m */ = {isa = PBXFileReference; fileEncoding = 4; lastKnownFileType = sourcecode.c.objc; path = CheckableRequestWrapper.m; sourceTree = "<group>"; };
		AFBF08E014C4D7EE000E7411 /* CRCDrawerView.h */ = {isa = PBXFileReference; fileEncoding = 4; lastKnownFileType = sourcecode.c.h; name = CRCDrawerView.h; path = view/CRCDrawerView.h; sourceTree = "<group>"; };
		AFBF08E114C4D7EE000E7411 /* CRCDrawerView.m */ = {isa = PBXFileReference; fileEncoding = 4; lastKnownFileType = sourcecode.c.objc; name = CRCDrawerView.m; path = view/CRCDrawerView.m; sourceTree = "<group>"; };
		AFCE79521419B47900E22468 /* Sparkle.framework */ = {isa = PBXFileReference; lastKnownFileType = wrapper.framework; path = Sparkle.framework; sourceTree = "<group>"; };
		AFCE79561419B54600E22468 /* dsa_pub.pem */ = {isa = PBXFileReference; fileEncoding = 4; lastKnownFileType = text; path = dsa_pub.pem; sourceTree = "<group>"; };
		AFE1837612E394E5001B1B29 /* LICENSE.txt */ = {isa = PBXFileReference; fileEncoding = 4; lastKnownFileType = text; path = LICENSE.txt; sourceTree = "<group>"; };
		D714A01B11E8BF7700F5A80B /* CRCFormEncodedRequest.h */ = {isa = PBXFileReference; fileEncoding = 4; lastKnownFileType = sourcecode.c.h; name = CRCFormEncodedRequest.h; path = request/CRCFormEncodedRequest.h; sourceTree = "<group>"; };
		D714A01C11E8BF7700F5A80B /* CRCFormEncodedRequest.m */ = {isa = PBXFileReference; fileEncoding = 4; lastKnownFileType = sourcecode.c.objc; name = CRCFormEncodedRequest.m; path = request/CRCFormEncodedRequest.m; sourceTree = "<group>"; };
		D714A01E11E8C0F400F5A80B /* CRCRawRequest.h */ = {isa = PBXFileReference; fileEncoding = 4; lastKnownFileType = sourcecode.c.h; name = CRCRawRequest.h; path = request/CRCRawRequest.h; sourceTree = "<group>"; };
		D714A01F11E8C0F400F5A80B /* CRCRawRequest.m */ = {isa = PBXFileReference; fileEncoding = 4; lastKnownFileType = sourcecode.c.objc; name = CRCRawRequest.m; path = request/CRCRawRequest.m; sourceTree = "<group>"; };
		D714A02F11E8F61D00F5A80B /* CRCFileRequest.h */ = {isa = PBXFileReference; fileEncoding = 4; lastKnownFileType = sourcecode.c.h; name = CRCFileRequest.h; path = request/CRCFileRequest.h; sourceTree = "<group>"; };
		D714A03011E8F61D00F5A80B /* CRCFileRequest.m */ = {isa = PBXFileReference; fileEncoding = 4; lastKnownFileType = sourcecode.c.objc; name = CRCFileRequest.m; path = request/CRCFileRequest.m; sourceTree = "<group>"; };
		D714A0A011E901FB00F5A80B /* CRCRequest.h */ = {isa = PBXFileReference; fileEncoding = 4; lastKnownFileType = sourcecode.c.h; name = CRCRequest.h; path = request/CRCRequest.h; sourceTree = "<group>"; };
		D714A0A111E901FB00F5A80B /* CRCRequest.m */ = {isa = PBXFileReference; fileEncoding = 4; lastKnownFileType = sourcecode.c.objc; name = CRCRequest.m; path = request/CRCRequest.m; sourceTree = "<group>"; };
		D7AC588511E60DDA00D67635 /* CRCMultipartRequest.h */ = {isa = PBXFileReference; fileEncoding = 4; lastKnownFileType = sourcecode.c.h; name = CRCMultipartRequest.h; path = request/CRCMultipartRequest.h; sourceTree = "<group>"; };
		D7AC588611E60DDA00D67635 /* CRCMultipartRequest.m */ = {isa = PBXFileReference; fileEncoding = 4; lastKnownFileType = sourcecode.c.objc; name = CRCMultipartRequest.m; path = request/CRCMultipartRequest.m; sourceTree = "<group>"; };
		D7D998B211EAA29B005B8811 /* CRCTopView.h */ = {isa = PBXFileReference; fileEncoding = 4; lastKnownFileType = sourcecode.c.h; name = CRCTopView.h; path = view/CRCTopView.h; sourceTree = "<group>"; };
		D7D998B311EAA29B005B8811 /* CRCTopView.m */ = {isa = PBXFileReference; fileEncoding = 4; lastKnownFileType = sourcecode.c.objc; name = CRCTopView.m; path = view/CRCTopView.m; sourceTree = "<group>"; };
		D7D998B511EAA2B2005B8811 /* background-header.png */ = {isa = PBXFileReference; lastKnownFileType = image.png; path = "background-header.png"; sourceTree = "<group>"; };
/* End PBXFileReference section */

/* Begin PBXFrameworksBuildPhase section */
		8D11072E0486CEB800E47090 /* Frameworks */ = {
			isa = PBXFrameworksBuildPhase;
			buildActionMask = 2147483647;
			files = (
				5704EED0155C7BF400C55656 /* WebKit.framework in Frameworks */,
				5704EE6A155B533200C55656 /* libicucore.dylib in Frameworks */,
				8D11072F0486CEB800E47090 /* Cocoa.framework in Frameworks */,
				AFCE79531419B47900E22468 /* Sparkle.framework in Frameworks */,
				5704EE6C155B540900C55656 /* MGSFragaria.framework in Frameworks */,
			);
			runOnlyForDeploymentPostprocessing = 0;
		};
/* End PBXFrameworksBuildPhase section */

/* Begin PBXGroup section */
		080E96DDFE201D6D7F000001 /* Classes */ = {
			isa = PBXGroup;
			children = (
				AFBB7D4C14F98C1B00424C12 /* PreferencesController.h */,
				AFBB7D4D14F98C1B00424C12 /* PreferencesController.m */,
				AFBB7D4814F985AB00424C12 /* view */,
				AFBB7D4314F939D300424C12 /* JSON */,
				256AC3D80F4B6AC300CF3369 /* CocoaRestClientAppDelegate.h */,
				256AC3D90F4B6AC300CF3369 /* CocoaRestClientAppDelegate.m */,
				AFBB7D4414F93DE400424C12 /* request */,
				AFBF08C314C32D30000E7411 /* ExportRequestsController.h */,
				AFBF08C414C32D30000E7411 /* ExportRequestsController.m */,
				AFBF08CB14C37D3E000E7411 /* CheckableRequestWrapper.h */,
				AFBF08CC14C37D3E000E7411 /* CheckableRequestWrapper.m */,
				5704EE83155B9C4200C55656 /* HighlightedTextView.h */,
				5704EE84155B9C4200C55656 /* HighlightedTextView.m */,
			);
			name = Classes;
			sourceTree = "<group>";
		};
		1058C7A0FEA54F0111CA2CBB /* Linked Frameworks */ = {
			isa = PBXGroup;
			children = (
				1058C7A1FEA54F0111CA2CBB /* Cocoa.framework */,
			);
			name = "Linked Frameworks";
			sourceTree = "<group>";
		};
		1058C7A2FEA54F0111CA2CBB /* Other Frameworks */ = {
			isa = PBXGroup;
			children = (
				29B97324FDCFA39411CA2CEA /* AppKit.framework */,
				13E42FB307B3F0F600E4EEF1 /* CoreData.framework */,
				29B97325FDCFA39411CA2CEA /* Foundation.framework */,
			);
			name = "Other Frameworks";
			sourceTree = "<group>";
		};
		19C28FACFE9D520D11CA2CBB /* Products */ = {
			isa = PBXGroup;
			children = (
				8D1107320486CEB800E47090 /* CocoaRestClient.app */,
			);
			name = Products;
			sourceTree = "<group>";
		};
		29B97314FDCFA39411CA2CEA /* CocoaRestClient */ = {
			isa = PBXGroup;
			children = (
				5704EECF155C7BF400C55656 /* WebKit.framework */,
				5704EE69155B533200C55656 /* libicucore.dylib */,
				AF2D9EFF145F908100B8220F /* Security.framework */,
				080E96DDFE201D6D7F000001 /* Classes */,
				29B97315FDCFA39411CA2CEA /* Other Sources */,
				29B97317FDCFA39411CA2CEA /* Resources */,
				29B97323FDCFA39411CA2CEA /* Frameworks */,
				19C28FACFE9D520D11CA2CBB /* Products */,
			);
			name = CocoaRestClient;
			sourceTree = "<group>";
		};
		29B97315FDCFA39411CA2CEA /* Other Sources */ = {
			isa = PBXGroup;
			children = (
				256AC3F00F4B6AF500CF3369 /* CocoaRestClient_Prefix.pch */,
				29B97316FDCFA39411CA2CEA /* main.m */,
			);
			name = "Other Sources";
			sourceTree = "<group>";
		};
		29B97317FDCFA39411CA2CEA /* Resources */ = {
			isa = PBXGroup;
			children = (
				AFCE79561419B54600E22468 /* dsa_pub.pem */,
				AFE1837612E394E5001B1B29 /* LICENSE.txt */,
				D7D998B511EAA2B2005B8811 /* background-header.png */,
				AF7A149A113B583A00F0D6F5 /* cocoaRestClient.icns */,
				8D1107310486CEB800E47090 /* CocoaRestClient-Info.plist */,
				089C165CFE840E0CC02AAC07 /* InfoPlist.strings */,
				1DDD58140DA1D0A300B32029 /* MainMenu.xib */,
				AFBF08BC14C1E9BB000E7411 /* ExportRequests.xib */,
				AFBB7D4914F98B4000424C12 /* Preferences.xib */,
			);
			name = Resources;
			sourceTree = "<group>";
		};
		29B97323FDCFA39411CA2CEA /* Frameworks */ = {
			isa = PBXGroup;
			children = (
				5704EE6B155B540900C55656 /* MGSFragaria.framework */,
				AFCE79521419B47900E22468 /* Sparkle.framework */,
				1058C7A0FEA54F0111CA2CBB /* Linked Frameworks */,
				1058C7A2FEA54F0111CA2CBB /* Other Frameworks */,
			);
			name = Frameworks;
			sourceTree = "<group>";
		};
		AFBB7D4314F939D300424C12 /* JSON */ = {
			isa = PBXGroup;
			children = (
				AF074F4B10F595AF00EE44D8 /* JSON.h */,
				AF074F4C10F595AF00EE44D8 /* NSObject+SBJSON.h */,
				AF074F4D10F595AF00EE44D8 /* NSObject+SBJSON.m */,
				AF074F4E10F595AF00EE44D8 /* NSString+SBJSON.h */,
				AF074F4F10F595AF00EE44D8 /* NSString+SBJSON.m */,
				AF074F5010F595AF00EE44D8 /* SBJSON.h */,
				AF074F5110F595AF00EE44D8 /* SBJSON.m */,
				AF074F5210F595AF00EE44D8 /* SBJsonBase.h */,
				AF074F5310F595AF00EE44D8 /* SBJsonBase.m */,
				AF074F5410F595AF00EE44D8 /* SBJsonParser.h */,
				AF074F5510F595AF00EE44D8 /* SBJsonParser.m */,
				AF074F5610F595AF00EE44D8 /* SBJsonWriter.h */,
				AF074F5710F595AF00EE44D8 /* SBJsonWriter.m */,
			);
			name = JSON;
			sourceTree = "<group>";
		};
		AFBB7D4414F93DE400424C12 /* request */ = {
			isa = PBXGroup;
			children = (
				D7AC588511E60DDA00D67635 /* CRCMultipartRequest.h */,
				D7AC588611E60DDA00D67635 /* CRCMultipartRequest.m */,
				D714A01B11E8BF7700F5A80B /* CRCFormEncodedRequest.h */,
				D714A01C11E8BF7700F5A80B /* CRCFormEncodedRequest.m */,
				D714A01E11E8C0F400F5A80B /* CRCRawRequest.h */,
				D714A01F11E8C0F400F5A80B /* CRCRawRequest.m */,
				D714A02F11E8F61D00F5A80B /* CRCFileRequest.h */,
				D714A03011E8F61D00F5A80B /* CRCFileRequest.m */,
				D714A0A011E901FB00F5A80B /* CRCRequest.h */,
				D714A0A111E901FB00F5A80B /* CRCRequest.m */,
			);
			name = request;
			sourceTree = "<group>";
		};
		AFBB7D4814F985AB00424C12 /* view */ = {
			isa = PBXGroup;
			children = (
				AFBB7D4514F9587A00424C12 /* TabbingTableView.h */,
				AFBB7D4614F9587A00424C12 /* TabbingTableView.m */,
				D7D998B211EAA29B005B8811 /* CRCTopView.h */,
				D7D998B311EAA29B005B8811 /* CRCTopView.m */,
				AFBF08E014C4D7EE000E7411 /* CRCDrawerView.h */,
				AFBF08E114C4D7EE000E7411 /* CRCDrawerView.m */,
			);
			name = view;
			sourceTree = "<group>";
		};
/* End PBXGroup section */

/* Begin PBXNativeTarget section */
		8D1107260486CEB800E47090 /* CocoaRestClient */ = {
			isa = PBXNativeTarget;
			buildConfigurationList = C01FCF4A08A954540054247B /* Build configuration list for PBXNativeTarget "CocoaRestClient" */;
			buildPhases = (
				8D1107290486CEB800E47090 /* Resources */,
				8D11072C0486CEB800E47090 /* Sources */,
				8D11072E0486CEB800E47090 /* Frameworks */,
				AFCE79541419B49700E22468 /* CopyFiles */,
			);
			buildRules = (
			);
			dependencies = (
			);
			name = CocoaRestClient;
			productInstallPath = "$(HOME)/Applications";
			productName = CocoaRestClient;
			productReference = 8D1107320486CEB800E47090 /* CocoaRestClient.app */;
			productType = "com.apple.product-type.application";
		};
/* End PBXNativeTarget section */

/* Begin PBXProject section */
		29B97313FDCFA39411CA2CEA /* Project object */ = {
			isa = PBXProject;
			buildConfigurationList = C01FCF4E08A954540054247B /* Build configuration list for PBXProject "CocoaRestClient" */;
			compatibilityVersion = "Xcode 3.1";
			developmentRegion = English;
			hasScannedForEncodings = 1;
			knownRegions = (
				en,
				English,
			);
			mainGroup = 29B97314FDCFA39411CA2CEA /* CocoaRestClient */;
			projectDirPath = "";
			projectRoot = "";
			targets = (
				8D1107260486CEB800E47090 /* CocoaRestClient */,
			);
		};
/* End PBXProject section */

/* Begin PBXResourcesBuildPhase section */
		8D1107290486CEB800E47090 /* Resources */ = {
			isa = PBXResourcesBuildPhase;
			buildActionMask = 2147483647;
			files = (
				8D11072B0486CEB800E47090 /* InfoPlist.strings in Resources */,
				1DDD58160DA1D0A300B32029 /* MainMenu.xib in Resources */,
				AF7A149B113B583A00F0D6F5 /* cocoaRestClient.icns in Resources */,
				D7D998B611EAA2B2005B8811 /* background-header.png in Resources */,
				AFE1837712E394E5001B1B29 /* LICENSE.txt in Resources */,
				AFCE79571419B54600E22468 /* dsa_pub.pem in Resources */,
				AFBF08BD14C1E9BB000E7411 /* ExportRequests.xib in Resources */,
				AFBB7D4B14F98B4000424C12 /* Preferences.xib in Resources */,
			);
			runOnlyForDeploymentPostprocessing = 0;
		};
/* End PBXResourcesBuildPhase section */

/* Begin PBXSourcesBuildPhase section */
		8D11072C0486CEB800E47090 /* Sources */ = {
			isa = PBXSourcesBuildPhase;
			buildActionMask = 2147483647;
			files = (
				8D11072D0486CEB800E47090 /* main.m in Sources */,
				AF1FC48410F435BD00ED5A57 /* CocoaRestClientAppDelegate.m in Sources */,
				AF074F5810F595AF00EE44D8 /* NSObject+SBJSON.m in Sources */,
				AF074F5910F595AF00EE44D8 /* NSString+SBJSON.m in Sources */,
				AF074F5A10F595AF00EE44D8 /* SBJSON.m in Sources */,
				AF074F5B10F595AF00EE44D8 /* SBJsonBase.m in Sources */,
				AF074F5C10F595AF00EE44D8 /* SBJsonParser.m in Sources */,
				AF074F5D10F595AF00EE44D8 /* SBJsonWriter.m in Sources */,
				D7AC588711E60DDA00D67635 /* CRCMultipartRequest.m in Sources */,
				D714A01D11E8BF7700F5A80B /* CRCFormEncodedRequest.m in Sources */,
				D714A02011E8C0F400F5A80B /* CRCRawRequest.m in Sources */,
				D714A03111E8F61D00F5A80B /* CRCFileRequest.m in Sources */,
				D714A0A211E901FB00F5A80B /* CRCRequest.m in Sources */,
				D7D998B411EAA29B005B8811 /* CRCTopView.m in Sources */,
				AFBF08C514C32D30000E7411 /* ExportRequestsController.m in Sources */,
				AFBF08CD14C37D3E000E7411 /* CheckableRequestWrapper.m in Sources */,
				AFBF08E214C4D7EE000E7411 /* CRCDrawerView.m in Sources */,
				AFBB7D4714F9587A00424C12 /* TabbingTableView.m in Sources */,
				AFBB7D4E14F98C1B00424C12 /* PreferencesController.m in Sources */,
				5704EE85155B9C4200C55656 /* HighlightedTextView.m in Sources */,
			);
			runOnlyForDeploymentPostprocessing = 0;
		};
/* End PBXSourcesBuildPhase section */

/* Begin PBXVariantGroup section */
		089C165CFE840E0CC02AAC07 /* InfoPlist.strings */ = {
			isa = PBXVariantGroup;
			children = (
				089C165DFE840E0CC02AAC07 /* English */,
			);
			name = InfoPlist.strings;
			sourceTree = "<group>";
		};
		1DDD58140DA1D0A300B32029 /* MainMenu.xib */ = {
			isa = PBXVariantGroup;
			children = (
				1DDD58150DA1D0A300B32029 /* English */,
			);
			name = MainMenu.xib;
			sourceTree = "<group>";
		};
		AFBB7D4914F98B4000424C12 /* Preferences.xib */ = {
			isa = PBXVariantGroup;
			children = (
				AFBB7D4A14F98B4000424C12 /* English */,
			);
			name = Preferences.xib;
			sourceTree = "<group>";
		};
/* End PBXVariantGroup section */

/* Begin XCBuildConfiguration section */
		C01FCF4B08A954540054247B /* Debug */ = {
			isa = XCBuildConfiguration;
			buildSettings = {
				ALWAYS_SEARCH_USER_PATHS = NO;
				COPY_PHASE_STRIP = NO;
				FRAMEWORK_SEARCH_PATHS = (
					"$(inherited)",
					"\"$(SRCROOT)\"",
				);
				GCC_DYNAMIC_NO_PIC = NO;
				GCC_ENABLE_FIX_AND_CONTINUE = YES;
				GCC_ENABLE_OBJC_GC = required;
				GCC_MODEL_TUNING = G5;
				GCC_OPTIMIZATION_LEVEL = 0;
				GCC_PRECOMPILE_PREFIX_HEADER = YES;
				GCC_PREFIX_HEADER = CocoaRestClient_Prefix.pch;
				GCC_VERSION = "";
				INFOPLIST_FILE = "CocoaRestClient-Info.plist";
				INSTALL_PATH = "$(HOME)/Applications";
				PRODUCT_NAME = CocoaRestClient;
				SDKROOT = macosx10.6;
			};
			name = Debug;
		};
		C01FCF4C08A954540054247B /* Release */ = {
			isa = XCBuildConfiguration;
			buildSettings = {
				ALWAYS_SEARCH_USER_PATHS = NO;
				DEBUG_INFORMATION_FORMAT = "dwarf-with-dsym";
				FRAMEWORK_SEARCH_PATHS = (
					"$(inherited)",
					"\"$(SRCROOT)\"",
				);
				GCC_ENABLE_OBJC_GC = required;
				GCC_MODEL_TUNING = G5;
				GCC_PRECOMPILE_PREFIX_HEADER = YES;
				GCC_PREFIX_HEADER = CocoaRestClient_Prefix.pch;
				GCC_VERSION = "";
				INFOPLIST_FILE = "CocoaRestClient-Info.plist";
				INSTALL_PATH = "$(HOME)/Applications";
				PRODUCT_NAME = CocoaRestClient;
				SDKROOT = macosx10.6;
			};
			name = Release;
		};
		C01FCF4F08A954540054247B /* Debug */ = {
			isa = XCBuildConfiguration;
			buildSettings = {
				ARCHS = "$(ARCHS_STANDARD_32_64_BIT)";
				GCC_C_LANGUAGE_STANDARD = gnu99;
				GCC_ENABLE_OBJC_GC = supported;
				GCC_OPTIMIZATION_LEVEL = s;
				GCC_VERSION = 4.2;
				GCC_WARN_ABOUT_RETURN_TYPE = YES;
				GCC_WARN_UNUSED_VARIABLE = YES;
				ONLY_ACTIVE_ARCH = YES;
				PREBINDING = NO;
				SDKROOT = macosx10.6;
			};
			name = Debug;
		};
		C01FCF5008A954540054247B /* Release */ = {
			isa = XCBuildConfiguration;
			buildSettings = {
				ARCHS = "$(ARCHS_STANDARD_32_64_BIT)";
				GCC_C_LANGUAGE_STANDARD = gnu99;
				GCC_ENABLE_OBJC_GC = supported;
				GCC_VERSION = 4.2;
				GCC_WARN_ABOUT_RETURN_TYPE = YES;
				GCC_WARN_UNUSED_VARIABLE = YES;
				ONLY_ACTIVE_ARCH = NO;
				PREBINDING = NO;
				SDKROOT = macosx10.6;
			};
			name = Release;
		};
/* End XCBuildConfiguration section */

/* Begin XCConfigurationList section */
		C01FCF4A08A954540054247B /* Build configuration list for PBXNativeTarget "CocoaRestClient" */ = {
			isa = XCConfigurationList;
			buildConfigurations = (
				C01FCF4B08A954540054247B /* Debug */,
				C01FCF4C08A954540054247B /* Release */,
			);
			defaultConfigurationIsVisible = 0;
			defaultConfigurationName = Release;
		};
		C01FCF4E08A954540054247B /* Build configuration list for PBXProject "CocoaRestClient" */ = {
			isa = XCConfigurationList;
			buildConfigurations = (
				C01FCF4F08A954540054247B /* Debug */,
				C01FCF5008A954540054247B /* Release */,
			);
			defaultConfigurationIsVisible = 0;
			defaultConfigurationName = Release;
		};
/* End XCConfigurationList section */
	};
	rootObject = 29B97313FDCFA39411CA2CEA /* Project object */;
}
